// !$*UTF8*$!
{
	archiveVersion = 1;
	classes = {
	};
	objectVersion = 46;
	objects = {

/* Begin PBXBuildFile section */
		8FD01B971DAA71EC00463DC8 /* main.m in Sources */ = {isa = PBXBuildFile; fileRef = 8FD01B961DAA71EC00463DC8 /* main.m */; };
		8FD01B9F1DAA71F800463DC8 /* Sort.m in Sources */ = {isa = PBXBuildFile; fileRef = 8FD01B9E1DAA71F800463DC8 /* Sort.m */; };
/* End PBXBuildFile section */

/* Begin PBXCopyFilesBuildPhase section */
		8FD01B911DAA71EC00463DC8 /* CopyFiles */ = {
			isa = PBXCopyFilesBuildPhase;
			buildActionMask = 2147483647;
			dstPath = /usr/share/man/man1/;
			dstSubfolderSpec = 0;
			files = (
			);
			runOnlyForDeploymentPostprocessing = 1;
		};
/* End PBXCopyFilesBuildPhase section */

/* Begin PBXFileReference section */
		8FD01B931DAA71EC00463DC8 /* SortPracticeSecond */ = {isa = PBXFileReference; explicitFileType = "compiled.mach-o.executable"; includeInIndex = 0; path = SortPracticeSecond; sourceTree = BUILT_PRODUCTS_DIR; };
		8FD01B961DAA71EC00463DC8 /* main.m */ = {isa = PBXFileReference; lastKnownFileType = sourcecode.c.objc; path = main.m; sourceTree = "<group>"; };
		8FD01B9D1DAA71F800463DC8 /* Sort.h */ = {isa = PBXFileReference; fileEncoding = 4; lastKnownFileType = sourcecode.c.h; path = Sort.h; sourceTree = "<group>"; };
		8FD01B9E1DAA71F800463DC8 /* Sort.m */ = {isa = PBXFileReference; fileEncoding = 4; lastKnownFileType = sourcecode.c.objc; path = Sort.m; sourceTree = "<group>"; };
/* End PBXFileReference section */

/* Begin PBXFrameworksBuildPhase section */
		8FD01B901DAA71EC00463DC8 /* Frameworks */ = {
			isa = PBXFrameworksBuildPhase;
			buildActionMask = 2147483647;
			files = (
			);
			runOnlyForDeploymentPostprocessing = 0;
		};
/* End PBXFrameworksBuildPhase section */

/* Begin PBXGroup section */
		8FD01B8A1DAA71EC00463DC8 = {
			isa = PBXGroup;
			children = (
				8FD01B951DAA71EC00463DC8 /* SortPracticeSecond */,
				8FD01B941DAA71EC00463DC8 /* Products */,
			);
			sourceTree = "<group>";
		};
		8FD01B941DAA71EC00463DC8 /* Products */ = {
			isa = PBXGroup;
			children = (
				8FD01B931DAA71EC00463DC8 /* SortPracticeSecond */,
			);
			name = Products;
			sourceTree = "<group>";
		};
		8FD01B951DAA71EC00463DC8 /* SortPracticeSecond */ = {
			isa = PBXGroup;
			children = (
				8FD01B961DAA71EC00463DC8 /* main.m */,
				8FD01B9D1DAA71F800463DC8 /* Sort.h */,
				8FD01B9E1DAA71F800463DC8 /* Sort.m */,
			);
			path = SortPracticeSecond;
			sourceTree = "<group>";
		};
/* End PBXGroup section */

/* Begin PBXNativeTarget section */
		8FD01B921DAA71EC00463DC8 /* SortPracticeSecond */ = {
			isa = PBXNativeTarget;
			buildConfigurationList = 8FD01B9A1DAA71EC00463DC8 /* Build configuration list for PBXNativeTarget "SortPracticeSecond" */;
			buildPhases = (
				8FD01B8F1DAA71EC00463DC8 /* Sources */,
				8FD01B901DAA71EC00463DC8 /* Frameworks */,
				8FD01B911DAA71EC00463DC8 /* CopyFiles */,
			);
			buildRules = (
			);
			dependencies = (
			);
			name = SortPracticeSecond;
			productName = SortPracticeSecond;
			productReference = 8FD01B931DAA71EC00463DC8 /* SortPracticeSecond */;
			productType = "com.apple.product-type.tool";
		};
/* End PBXNativeTarget section */

/* Begin PBXProject section */
		8FD01B8B1DAA71EC00463DC8 /* Project object */ = {
			isa = PBXProject;
			attributes = {
				LastUpgradeCheck = 0800;
				ORGANIZATIONNAME = "노정우";
				TargetAttributes = {
					8FD01B921DAA71EC00463DC8 = {
						CreatedOnToolsVersion = 8.0;
						ProvisioningStyle = Automatic;
					};
				};
			};
			buildConfigurationList = 8FD01B8E1DAA71EC00463DC8 /* Build configuration list for PBXProject "SortPracticeSecond" */;
			compatibilityVersion = "Xcode 3.2";
			developmentRegion = English;
			hasScannedForEncodings = 0;
			knownRegions = (
				en,
			);
			mainGroup = 8FD01B8A1DAA71EC00463DC8;
			productRefGroup = 8FD01B941DAA71EC00463DC8 /* Products */;
			projectDirPath = "";
			projectRoot = "";
			targets = (
				8FD01B921DAA71EC00463DC8 /* SortPracticeSecond */,
			);
		};
/* End PBXProject section */

/* Begin PBXSourcesBuildPhase section */
		8FD01B8F1DAA71EC00463DC8 /* Sources */ = {
			isa = PBXSourcesBuildPhase;
			buildActionMask = 2147483647;
			files = (
				8FD01B971DAA71EC00463DC8 /* main.m in Sources */,
				8FD01B9F1DAA71F800463DC8 /* Sort.m in Sources */,
			);
			runOnlyForDeploymentPostprocessing = 0;
		};
/* End PBXSourcesBuildPhase section */

/* Begin XCBuildConfiguration section */
		8FD01B981DAA71EC00463DC8 /* Debug */ = {
			isa = XCBuildConfiguration;
			buildSettings = {
				ALWAYS_SEARCH_USER_PATHS = NO;
				CLANG_ANALYZER_NONNULL = YES;
				CLANG_CXX_LANGUAGE_STANDARD = "gnu++0x";
				CLANG_CXX_LIBRARY = "libc++";
				CLANG_ENABLE_MODULES = YES;
				CLANG_ENABLE_OBJC_ARC = YES;
				CLANG_WARN_BOOL_CONVERSION = YES;
				CLANG_WARN_CONSTANT_CONVERSION = YES;
				CLANG_WARN_DIRECT_OBJC_ISA_USAGE = YES_ERROR;
				CLANG_WARN_DOCUMENTATION_COMMENTS = YES;
				CLANG_WARN_EMPTY_BODY = YES;
				CLANG_WARN_ENUM_CONVERSION = YES;
				CLANG_WARN_INFINITE_RECURSION = YES;
				CLANG_WARN_INT_CONVERSION = YES;
				CLANG_WARN_OBJC_ROOT_CLASS = YES_ERROR;
				CLANG_WARN_SUSPICIOUS_MOVES = YES;
				CLANG_WARN_UNREACHABLE_CODE = YES;
				CLANG_WARN__DUPLICATE_METHOD_MATCH = YES;
				CODE_SIGN_IDENTITY = "-";
				COPY_PHASE_STRIP = NO;
				DEBUG_INFORMATION_FORMAT = dwarf;
				ENABLE_STRICT_OBJC_MSGSEND = YES;
				ENABLE_TESTABILITY = YES;
				GCC_C_LANGUAGE_STANDARD = gnu99;
				GCC_DYNAMIC_NO_PIC = NO;
				GCC_NO_COMMON_BLOCKS = YES;
				GCC_OPTIMIZATION_LEVEL = 0;
				GCC_PREPROCESSOR_DEFINITIONS = (
					"DEBUG=1",
					"$(inherited)",
				);
				GCC_WARN_64_TO_32_BIT_CONVERSION = YES;
				GCC_WARN_ABOUT_RETURN_TYPE = YES_ERROR;
				GCC_WARN_UNDECLARED_SELECTOR = YES;
				GCC_WARN_UNINITIALIZED_AUTOS = YES_AGGRESSIVE;
				GCC_WARN_UNUSED_FUNCTION = YES;
				GCC_WARN_UNUSED_VARIABLE = YES;
				MACOSX_DEPLOYMENT_TARGET = 10.12;
				MTL_ENABLE_DEBUG_INFO = YES;
				ONLY_ACTIVE_ARCH = YES;
				SDKROOT = macosx;
			};
			name = Debug;
		};
		8FD01B991DAA71EC00463DC8 /* Release */ = {
			isa = XCBuildConfiguration;
			buildSettings = {
				ALWAYS_SEARCH_USER_PATHS = NO;
				CLANG_ANALYZER_NONNULL = YES;
				CLANG_CXX_LANGUAGE_STANDARD = "gnu++0x";
				CLANG_CXX_LIBRARY = "libc++";
				CLANG_ENABLE_MODULES = YES;
				CLANG_ENABLE_OBJC_ARC = YES;
				CLANG_WARN_BOOL_CONVERSION = YES;
				CLANG_WARN_CONSTANT_CONVERSION = YES;
				CLANG_WARN_DIRECT_OBJC_ISA_USAGE = YES_ERROR;
				CLANG_WARN_DOCUMENTATION_COMMENTS = YES;
				CLANG_WARN_EMPTY_BODY = YES;
				CLANG_WARN_ENUM_CONVERSION = YES;
				CLANG_WARN_INFINITE_RECURSION = YES;
				CLANG_WARN_INT_CONVERSION = YES;
				CLANG_WARN_OBJC_ROOT_CLASS = YES_ERROR;
				CLANG_WARN_SUSPICIOUS_MOVES = YES;
				CLANG_WARN_UNREACHABLE_CODE = YES;
				CLANG_WARN__DUPLICATE_METHOD_MATCH = YES;
				CODE_SIGN_IDENTITY = "-";
				COPY_PHASE_STRIP = NO;
				DEBUG_INFORMATION_FORMAT = "dwarf-with-dsym";
				ENABLE_NS_ASSERTIONS = NO;
				ENABLE_STRICT_OBJC_MSGSEND = YES;
				GCC_C_LANGUAGE_STANDARD = gnu99;
				GCC_NO_COMMON_BLOCKS = YES;
				GCC_WARN_64_TO_32_BIT_CONVERSION = YES;
				GCC_WARN_ABOUT_RETURN_TYPE = YES_ERROR;
				GCC_WARN_UNDECLARED_SELECTOR = YES;
				GCC_WARN_UNINITIALIZED_AUTOS = YES_AGGRESSIVE;
				GCC_WARN_UNUSED_FUNCTION = YES;
				GCC_WARN_UNUSED_VARIABLE = YES;
				MACOSX_DEPLOYMENT_TARGET = 10.12;
				MTL_ENABLE_DEBUG_INFO = NO;
				SDKROOT = macosx;
			};
			name = Release;
		};
		8FD01B9B1DAA71EC00463DC8 /* Debug */ = {
			isa = XCBuildConfiguration;
			buildSettings = {
				PRODUCT_NAME = "$(TARGET_NAME)";
			};
			name = Debug;
		};
		8FD01B9C1DAA71EC00463DC8 /* Release */ = {
			isa = XCBuildConfiguration;
			buildSettings = {
				PRODUCT_NAME = "$(TARGET_NAME)";
			};
			name = Release;
		};
/* End XCBuildConfiguration section */

/* Begin XCConfigurationList section */
		8FD01B8E1DAA71EC00463DC8 /* Build configuration list for PBXProject "SortPracticeSecond" */ = {
			isa = XCConfigurationList;
			buildConfigurations = (
				8FD01B981DAA71EC00463DC8 /* Debug */,
				8FD01B991DAA71EC00463DC8 /* Release */,
			);
			defaultConfigurationIsVisible = 0;
			defaultConfigurationName = Release;
		};
		8FD01B9A1DAA71EC00463DC8 /* Build configuration list for PBXNativeTarget "SortPracticeSecond" */ = {
			isa = XCConfigurationList;
			buildConfigurations = (
				8FD01B9B1DAA71EC00463DC8 /* Debug */,
				8FD01B9C1DAA71EC00463DC8 /* Release */,
			);
			defaultConfigurationIsVisible = 0;
		};
/* End XCConfigurationList section */
	};
	rootObject = 8FD01B8B1DAA71EC00463DC8 /* Project object */;
}
