// !$*UTF8*$!
{
	archiveVersion = 1;
	classes = {
	};
	objectVersion = 46;
	objects = {

/* Begin PBXBuildFile section */
		8FDA280E1DB799F700D10FFE /* main.m in Sources */ = {isa = PBXBuildFile; fileRef = 8FDA280D1DB799F700D10FFE /* main.m */; };
		8FDA28161DB79A4600D10FFE /* Stack.m in Sources */ = {isa = PBXBuildFile; fileRef = 8FDA28151DB79A4600D10FFE /* Stack.m */; };
		8FDA28191DB7A74500D10FFE /* CheckBracketMachine.m in Sources */ = {isa = PBXBuildFile; fileRef = 8FDA28181DB7A74500D10FFE /* CheckBracketMachine.m */; };
/* End PBXBuildFile section */

/* Begin PBXCopyFilesBuildPhase section */
		8FDA28081DB799F700D10FFE /* CopyFiles */ = {
			isa = PBXCopyFilesBuildPhase;
			buildActionMask = 2147483647;
			dstPath = /usr/share/man/man1/;
			dstSubfolderSpec = 0;
			files = (
			);
			runOnlyForDeploymentPostprocessing = 1;
		};
/* End PBXCopyFilesBuildPhase section */

/* Begin PBXFileReference section */
		8FDA280A1DB799F700D10FFE /* Stack2 */ = {isa = PBXFileReference; explicitFileType = "compiled.mach-o.executable"; includeInIndex = 0; path = Stack2; sourceTree = BUILT_PRODUCTS_DIR; };
		8FDA280D1DB799F700D10FFE /* main.m */ = {isa = PBXFileReference; lastKnownFileType = sourcecode.c.objc; path = main.m; sourceTree = "<group>"; };
		8FDA28141DB79A4600D10FFE /* Stack.h */ = {isa = PBXFileReference; fileEncoding = 4; lastKnownFileType = sourcecode.c.h; path = Stack.h; sourceTree = "<group>"; };
		8FDA28151DB79A4600D10FFE /* Stack.m */ = {isa = PBXFileReference; fileEncoding = 4; lastKnownFileType = sourcecode.c.objc; path = Stack.m; sourceTree = "<group>"; };
		8FDA28171DB7A74500D10FFE /* CheckBracketMachine.h */ = {isa = PBXFileReference; fileEncoding = 4; lastKnownFileType = sourcecode.c.h; path = CheckBracketMachine.h; sourceTree = "<group>"; };
		8FDA28181DB7A74500D10FFE /* CheckBracketMachine.m */ = {isa = PBXFileReference; fileEncoding = 4; lastKnownFileType = sourcecode.c.objc; path = CheckBracketMachine.m; sourceTree = "<group>"; };
/* End PBXFileReference section */

/* Begin PBXFrameworksBuildPhase section */
		8FDA28071DB799F700D10FFE /* Frameworks */ = {
			isa = PBXFrameworksBuildPhase;
			buildActionMask = 2147483647;
			files = (
			);
			runOnlyForDeploymentPostprocessing = 0;
		};
/* End PBXFrameworksBuildPhase section */

/* Begin PBXGroup section */
		8FDA28011DB799F700D10FFE = {
			isa = PBXGroup;
			children = (
				8FDA280C1DB799F700D10FFE /* Stack2 */,
				8FDA280B1DB799F700D10FFE /* Products */,
			);
			sourceTree = "<group>";
		};
		8FDA280B1DB799F700D10FFE /* Products */ = {
			isa = PBXGroup;
			children = (
				8FDA280A1DB799F700D10FFE /* Stack2 */,
			);
			name = Products;
			sourceTree = "<group>";
		};
		8FDA280C1DB799F700D10FFE /* Stack2 */ = {
			isa = PBXGroup;
			children = (
				8FDA280D1DB799F700D10FFE /* main.m */,
				8FDA28141DB79A4600D10FFE /* Stack.h */,
				8FDA28151DB79A4600D10FFE /* Stack.m */,
				8FDA28171DB7A74500D10FFE /* CheckBracketMachine.h */,
				8FDA28181DB7A74500D10FFE /* CheckBracketMachine.m */,
			);
			path = Stack2;
			sourceTree = "<group>";
		};
/* End PBXGroup section */

/* Begin PBXNativeTarget section */
		8FDA28091DB799F700D10FFE /* Stack2 */ = {
			isa = PBXNativeTarget;
			buildConfigurationList = 8FDA28111DB799F700D10FFE /* Build configuration list for PBXNativeTarget "Stack2" */;
			buildPhases = (
				8FDA28061DB799F700D10FFE /* Sources */,
				8FDA28071DB799F700D10FFE /* Frameworks */,
				8FDA28081DB799F700D10FFE /* CopyFiles */,
			);
			buildRules = (
			);
			dependencies = (
			);
			name = Stack2;
			productName = Stack2;
			productReference = 8FDA280A1DB799F700D10FFE /* Stack2 */;
			productType = "com.apple.product-type.tool";
		};
/* End PBXNativeTarget section */

/* Begin PBXProject section */
		8FDA28021DB799F700D10FFE /* Project object */ = {
			isa = PBXProject;
			attributes = {
				LastUpgradeCheck = 0800;
				ORGANIZATIONNAME = "노정우";
				TargetAttributes = {
					8FDA28091DB799F700D10FFE = {
						CreatedOnToolsVersion = 8.0;
						ProvisioningStyle = Automatic;
					};
				};
			};
			buildConfigurationList = 8FDA28051DB799F700D10FFE /* Build configuration list for PBXProject "Stack2" */;
			compatibilityVersion = "Xcode 3.2";
			developmentRegion = English;
			hasScannedForEncodings = 0;
			knownRegions = (
				en,
			);
			mainGroup = 8FDA28011DB799F700D10FFE;
			productRefGroup = 8FDA280B1DB799F700D10FFE /* Products */;
			projectDirPath = "";
			projectRoot = "";
			targets = (
				8FDA28091DB799F700D10FFE /* Stack2 */,
			);
		};
/* End PBXProject section */

/* Begin PBXSourcesBuildPhase section */
		8FDA28061DB799F700D10FFE /* Sources */ = {
			isa = PBXSourcesBuildPhase;
			buildActionMask = 2147483647;
			files = (
				8FDA28161DB79A4600D10FFE /* Stack.m in Sources */,
				8FDA280E1DB799F700D10FFE /* main.m in Sources */,
				8FDA28191DB7A74500D10FFE /* CheckBracketMachine.m in Sources */,
			);
			runOnlyForDeploymentPostprocessing = 0;
		};
/* End PBXSourcesBuildPhase section */

/* Begin XCBuildConfiguration section */
		8FDA280F1DB799F700D10FFE /* Debug */ = {
			isa = XCBuildConfiguration;
			buildSettings = {
				ALWAYS_SEARCH_USER_PATHS = NO;
				CLANG_ANALYZER_NONNULL = YES;
				CLANG_CXX_LANGUAGE_STANDARD = "gnu++0x";
				CLANG_CXX_LIBRARY = "libc++";
				CLANG_ENABLE_MODULES = YES;
				CLANG_ENABLE_OBJC_ARC = YES;
				CLANG_WARN_BOOL_CONVERSION = YES;
				CLANG_WARN_CONSTANT_CONVERSION = YES;
				CLANG_WARN_DIRECT_OBJC_ISA_USAGE = YES_ERROR;
				CLANG_WARN_DOCUMENTATION_COMMENTS = YES;
				CLANG_WARN_EMPTY_BODY = YES;
				CLANG_WARN_ENUM_CONVERSION = YES;
				CLANG_WARN_INFINITE_RECURSION = YES;
				CLANG_WARN_INT_CONVERSION = YES;
				CLANG_WARN_OBJC_ROOT_CLASS = YES_ERROR;
				CLANG_WARN_SUSPICIOUS_MOVES = YES;
				CLANG_WARN_UNREACHABLE_CODE = YES;
				CLANG_WARN__DUPLICATE_METHOD_MATCH = YES;
				CODE_SIGN_IDENTITY = "-";
				COPY_PHASE_STRIP = NO;
				DEBUG_INFORMATION_FORMAT = dwarf;
				ENABLE_STRICT_OBJC_MSGSEND = YES;
				ENABLE_TESTABILITY = YES;
				GCC_C_LANGUAGE_STANDARD = gnu99;
				GCC_DYNAMIC_NO_PIC = NO;
				GCC_NO_COMMON_BLOCKS = YES;
				GCC_OPTIMIZATION_LEVEL = 0;
				GCC_PREPROCESSOR_DEFINITIONS = (
					"DEBUG=1",
					"$(inherited)",
				);
				GCC_WARN_64_TO_32_BIT_CONVERSION = YES;
				GCC_WARN_ABOUT_RETURN_TYPE = YES_ERROR;
				GCC_WARN_UNDECLARED_SELECTOR = YES;
				GCC_WARN_UNINITIALIZED_AUTOS = YES_AGGRESSIVE;
				GCC_WARN_UNUSED_FUNCTION = YES;
				GCC_WARN_UNUSED_VARIABLE = YES;
				MACOSX_DEPLOYMENT_TARGET = 10.12;
				MTL_ENABLE_DEBUG_INFO = YES;
				ONLY_ACTIVE_ARCH = YES;
				SDKROOT = macosx;
			};
			name = Debug;
		};
		8FDA28101DB799F700D10FFE /* Release */ = {
			isa = XCBuildConfiguration;
			buildSettings = {
				ALWAYS_SEARCH_USER_PATHS = NO;
				CLANG_ANALYZER_NONNULL = YES;
				CLANG_CXX_LANGUAGE_STANDARD = "gnu++0x";
				CLANG_CXX_LIBRARY = "libc++";
				CLANG_ENABLE_MODULES = YES;
				CLANG_ENABLE_OBJC_ARC = YES;
				CLANG_WARN_BOOL_CONVERSION = YES;
				CLANG_WARN_CONSTANT_CONVERSION = YES;
				CLANG_WARN_DIRECT_OBJC_ISA_USAGE = YES_ERROR;
				CLANG_WARN_DOCUMENTATION_COMMENTS = YES;
				CLANG_WARN_EMPTY_BODY = YES;
				CLANG_WARN_ENUM_CONVERSION = YES;
				CLANG_WARN_INFINITE_RECURSION = YES;
				CLANG_WARN_INT_CONVERSION = YES;
				CLANG_WARN_OBJC_ROOT_CLASS = YES_ERROR;
				CLANG_WARN_SUSPICIOUS_MOVES = YES;
				CLANG_WARN_UNREACHABLE_CODE = YES;
				CLANG_WARN__DUPLICATE_METHOD_MATCH = YES;
				CODE_SIGN_IDENTITY = "-";
				COPY_PHASE_STRIP = NO;
				DEBUG_INFORMATION_FORMAT = "dwarf-with-dsym";
				ENABLE_NS_ASSERTIONS = NO;
				ENABLE_STRICT_OBJC_MSGSEND = YES;
				GCC_C_LANGUAGE_STANDARD = gnu99;
				GCC_NO_COMMON_BLOCKS = YES;
				GCC_WARN_64_TO_32_BIT_CONVERSION = YES;
				GCC_WARN_ABOUT_RETURN_TYPE = YES_ERROR;
				GCC_WARN_UNDECLARED_SELECTOR = YES;
				GCC_WARN_UNINITIALIZED_AUTOS = YES_AGGRESSIVE;
				GCC_WARN_UNUSED_FUNCTION = YES;
				GCC_WARN_UNUSED_VARIABLE = YES;
				MACOSX_DEPLOYMENT_TARGET = 10.12;
				MTL_ENABLE_DEBUG_INFO = NO;
				SDKROOT = macosx;
			};
			name = Release;
		};
		8FDA28121DB799F700D10FFE /* Debug */ = {
			isa = XCBuildConfiguration;
			buildSettings = {
				PRODUCT_NAME = "$(TARGET_NAME)";
			};
			name = Debug;
		};
		8FDA28131DB799F700D10FFE /* Release */ = {
			isa = XCBuildConfiguration;
			buildSettings = {
				PRODUCT_NAME = "$(TARGET_NAME)";
			};
			name = Release;
		};
/* End XCBuildConfiguration section */

/* Begin XCConfigurationList section */
		8FDA28051DB799F700D10FFE /* Build configuration list for PBXProject "Stack2" */ = {
			isa = XCConfigurationList;
			buildConfigurations = (
				8FDA280F1DB799F700D10FFE /* Debug */,
				8FDA28101DB799F700D10FFE /* Release */,
			);
			defaultConfigurationIsVisible = 0;
			defaultConfigurationName = Release;
		};
		8FDA28111DB799F700D10FFE /* Build configuration list for PBXNativeTarget "Stack2" */ = {
			isa = XCConfigurationList;
			buildConfigurations = (
				8FDA28121DB799F700D10FFE /* Debug */,
				8FDA28131DB799F700D10FFE /* Release */,
			);
			defaultConfigurationIsVisible = 0;
		};
/* End XCConfigurationList section */
	};
	rootObject = 8FDA28021DB799F700D10FFE /* Project object */;
}
