// !$*UTF8*$!
{
	archiveVersion = 1;
	classes = {
	};
	objectVersion = 46;
	objects = {

/* Begin PBXBuildFile section */
		8F0936AD1DB34D7A0004650D /* main.m in Sources */ = {isa = PBXBuildFile; fileRef = 8F0936AC1DB34D7A0004650D /* main.m */; };
		8F0936B01DB34D7A0004650D /* AppDelegate.m in Sources */ = {isa = PBXBuildFile; fileRef = 8F0936AF1DB34D7A0004650D /* AppDelegate.m */; };
		8F0936B31DB34D7A0004650D /* ViewController.m in Sources */ = {isa = PBXBuildFile; fileRef = 8F0936B21DB34D7A0004650D /* ViewController.m */; };
		8F0936B61DB34D7A0004650D /* Main.storyboard in Resources */ = {isa = PBXBuildFile; fileRef = 8F0936B41DB34D7A0004650D /* Main.storyboard */; };
		8F0936B81DB34D7A0004650D /* Assets.xcassets in Resources */ = {isa = PBXBuildFile; fileRef = 8F0936B71DB34D7A0004650D /* Assets.xcassets */; };
		8F0936BB1DB34D7A0004650D /* LaunchScreen.storyboard in Resources */ = {isa = PBXBuildFile; fileRef = 8F0936B91DB34D7A0004650D /* LaunchScreen.storyboard */; };
		8F0936CA1DB35A6C0004650D /* apink1.jpg in Resources */ = {isa = PBXBuildFile; fileRef = 8F0936C91DB35A6C0004650D /* apink1.jpg */; };
		8F0936CC1DB35A750004650D /* apink2.jpg in Resources */ = {isa = PBXBuildFile; fileRef = 8F0936CB1DB35A750004650D /* apink2.jpg */; };
		8F0936CE1DB35A800004650D /* apink3.jpg in Resources */ = {isa = PBXBuildFile; fileRef = 8F0936CD1DB35A800004650D /* apink3.jpg */; };
/* End PBXBuildFile section */

/* Begin PBXFileReference section */
		8F0936A81DB34D7A0004650D /* WeatherTable.app */ = {isa = PBXFileReference; explicitFileType = wrapper.application; includeInIndex = 0; path = WeatherTable.app; sourceTree = BUILT_PRODUCTS_DIR; };
		8F0936AC1DB34D7A0004650D /* main.m */ = {isa = PBXFileReference; lastKnownFileType = sourcecode.c.objc; path = main.m; sourceTree = "<group>"; };
		8F0936AE1DB34D7A0004650D /* AppDelegate.h */ = {isa = PBXFileReference; lastKnownFileType = sourcecode.c.h; path = AppDelegate.h; sourceTree = "<group>"; };
		8F0936AF1DB34D7A0004650D /* AppDelegate.m */ = {isa = PBXFileReference; lastKnownFileType = sourcecode.c.objc; path = AppDelegate.m; sourceTree = "<group>"; };
		8F0936B11DB34D7A0004650D /* ViewController.h */ = {isa = PBXFileReference; lastKnownFileType = sourcecode.c.h; path = ViewController.h; sourceTree = "<group>"; };
		8F0936B21DB34D7A0004650D /* ViewController.m */ = {isa = PBXFileReference; lastKnownFileType = sourcecode.c.objc; path = ViewController.m; sourceTree = "<group>"; };
		8F0936B51DB34D7A0004650D /* Base */ = {isa = PBXFileReference; lastKnownFileType = file.storyboard; name = Base; path = Base.lproj/Main.storyboard; sourceTree = "<group>"; };
		8F0936B71DB34D7A0004650D /* Assets.xcassets */ = {isa = PBXFileReference; lastKnownFileType = folder.assetcatalog; path = Assets.xcassets; sourceTree = "<group>"; };
		8F0936BA1DB34D7A0004650D /* Base */ = {isa = PBXFileReference; lastKnownFileType = file.storyboard; name = Base; path = Base.lproj/LaunchScreen.storyboard; sourceTree = "<group>"; };
		8F0936BC1DB34D7A0004650D /* Info.plist */ = {isa = PBXFileReference; lastKnownFileType = text.plist.xml; path = Info.plist; sourceTree = "<group>"; };
		8F0936C91DB35A6C0004650D /* apink1.jpg */ = {isa = PBXFileReference; lastKnownFileType = image.jpeg; path = apink1.jpg; sourceTree = "<group>"; };
		8F0936CB1DB35A750004650D /* apink2.jpg */ = {isa = PBXFileReference; lastKnownFileType = image.jpeg; path = apink2.jpg; sourceTree = "<group>"; };
		8F0936CD1DB35A800004650D /* apink3.jpg */ = {isa = PBXFileReference; lastKnownFileType = image.jpeg; path = apink3.jpg; sourceTree = "<group>"; };
/* End PBXFileReference section */

/* Begin PBXFrameworksBuildPhase section */
		8F0936A51DB34D7A0004650D /* Frameworks */ = {
			isa = PBXFrameworksBuildPhase;
			buildActionMask = 2147483647;
			files = (
			);
			runOnlyForDeploymentPostprocessing = 0;
		};
/* End PBXFrameworksBuildPhase section */

/* Begin PBXGroup section */
		8F09369F1DB34D7A0004650D = {
			isa = PBXGroup;
			children = (
				8F0936AA1DB34D7A0004650D /* WeatherTable */,
				8F0936A91DB34D7A0004650D /* Products */,
			);
			sourceTree = "<group>";
		};
		8F0936A91DB34D7A0004650D /* Products */ = {
			isa = PBXGroup;
			children = (
				8F0936A81DB34D7A0004650D /* WeatherTable.app */,
			);
			name = Products;
			sourceTree = "<group>";
		};
		8F0936AA1DB34D7A0004650D /* WeatherTable */ = {
			isa = PBXGroup;
			children = (
				8F0936C21DB350B70004650D /* Resource */,
				8F0936AE1DB34D7A0004650D /* AppDelegate.h */,
				8F0936AF1DB34D7A0004650D /* AppDelegate.m */,
				8F0936B11DB34D7A0004650D /* ViewController.h */,
				8F0936B21DB34D7A0004650D /* ViewController.m */,
				8F0936B41DB34D7A0004650D /* Main.storyboard */,
				8F0936B71DB34D7A0004650D /* Assets.xcassets */,
				8F0936B91DB34D7A0004650D /* LaunchScreen.storyboard */,
				8F0936BC1DB34D7A0004650D /* Info.plist */,
				8F0936AB1DB34D7A0004650D /* Supporting Files */,
			);
			path = WeatherTable;
			sourceTree = "<group>";
		};
		8F0936AB1DB34D7A0004650D /* Supporting Files */ = {
			isa = PBXGroup;
			children = (
				8F0936AC1DB34D7A0004650D /* main.m */,
			);
			name = "Supporting Files";
			sourceTree = "<group>";
		};
		8F0936C21DB350B70004650D /* Resource */ = {
			isa = PBXGroup;
			children = (
				8F0936C91DB35A6C0004650D /* apink1.jpg */,
				8F0936CB1DB35A750004650D /* apink2.jpg */,
				8F0936CD1DB35A800004650D /* apink3.jpg */,
			);
			name = Resource;
			sourceTree = "<group>";
		};
/* End PBXGroup section */

/* Begin PBXNativeTarget section */
		8F0936A71DB34D7A0004650D /* WeatherTable */ = {
			isa = PBXNativeTarget;
			buildConfigurationList = 8F0936BF1DB34D7A0004650D /* Build configuration list for PBXNativeTarget "WeatherTable" */;
			buildPhases = (
				8F0936A41DB34D7A0004650D /* Sources */,
				8F0936A51DB34D7A0004650D /* Frameworks */,
				8F0936A61DB34D7A0004650D /* Resources */,
			);
			buildRules = (
			);
			dependencies = (
			);
			name = WeatherTable;
			productName = WeatherTable;
			productReference = 8F0936A81DB34D7A0004650D /* WeatherTable.app */;
			productType = "com.apple.product-type.application";
		};
/* End PBXNativeTarget section */

/* Begin PBXProject section */
		8F0936A01DB34D7A0004650D /* Project object */ = {
			isa = PBXProject;
			attributes = {
				LastUpgradeCheck = 0800;
				ORGANIZATIONNAME = "노정우";
				TargetAttributes = {
					8F0936A71DB34D7A0004650D = {
						CreatedOnToolsVersion = 8.0;
						ProvisioningStyle = Automatic;
					};
				};
			};
			buildConfigurationList = 8F0936A31DB34D7A0004650D /* Build configuration list for PBXProject "WeatherTable" */;
			compatibilityVersion = "Xcode 3.2";
			developmentRegion = English;
			hasScannedForEncodings = 0;
			knownRegions = (
				en,
				Base,
			);
			mainGroup = 8F09369F1DB34D7A0004650D;
			productRefGroup = 8F0936A91DB34D7A0004650D /* Products */;
			projectDirPath = "";
			projectRoot = "";
			targets = (
				8F0936A71DB34D7A0004650D /* WeatherTable */,
			);
		};
/* End PBXProject section */

/* Begin PBXResourcesBuildPhase section */
		8F0936A61DB34D7A0004650D /* Resources */ = {
			isa = PBXResourcesBuildPhase;
			buildActionMask = 2147483647;
			files = (
				8F0936CA1DB35A6C0004650D /* apink1.jpg in Resources */,
				8F0936BB1DB34D7A0004650D /* LaunchScreen.storyboard in Resources */,
				8F0936CE1DB35A800004650D /* apink3.jpg in Resources */,
				8F0936B81DB34D7A0004650D /* Assets.xcassets in Resources */,
				8F0936CC1DB35A750004650D /* apink2.jpg in Resources */,
				8F0936B61DB34D7A0004650D /* Main.storyboard in Resources */,
			);
			runOnlyForDeploymentPostprocessing = 0;
		};
/* End PBXResourcesBuildPhase section */

/* Begin PBXSourcesBuildPhase section */
		8F0936A41DB34D7A0004650D /* Sources */ = {
			isa = PBXSourcesBuildPhase;
			buildActionMask = 2147483647;
			files = (
				8F0936B31DB34D7A0004650D /* ViewController.m in Sources */,
				8F0936B01DB34D7A0004650D /* AppDelegate.m in Sources */,
				8F0936AD1DB34D7A0004650D /* main.m in Sources */,
			);
			runOnlyForDeploymentPostprocessing = 0;
		};
/* End PBXSourcesBuildPhase section */

/* Begin PBXVariantGroup section */
		8F0936B41DB34D7A0004650D /* Main.storyboard */ = {
			isa = PBXVariantGroup;
			children = (
				8F0936B51DB34D7A0004650D /* Base */,
			);
			name = Main.storyboard;
			sourceTree = "<group>";
		};
		8F0936B91DB34D7A0004650D /* LaunchScreen.storyboard */ = {
			isa = PBXVariantGroup;
			children = (
				8F0936BA1DB34D7A0004650D /* Base */,
			);
			name = LaunchScreen.storyboard;
			sourceTree = "<group>";
		};
/* End PBXVariantGroup section */

/* Begin XCBuildConfiguration section */
		8F0936BD1DB34D7A0004650D /* Debug */ = {
			isa = XCBuildConfiguration;
			buildSettings = {
				ALWAYS_SEARCH_USER_PATHS = NO;
				CLANG_ANALYZER_NONNULL = YES;
				CLANG_CXX_LANGUAGE_STANDARD = "gnu++0x";
				CLANG_CXX_LIBRARY = "libc++";
				CLANG_ENABLE_MODULES = YES;
				CLANG_ENABLE_OBJC_ARC = YES;
				CLANG_WARN_BOOL_CONVERSION = YES;
				CLANG_WARN_CONSTANT_CONVERSION = YES;
				CLANG_WARN_DIRECT_OBJC_ISA_USAGE = YES_ERROR;
				CLANG_WARN_DOCUMENTATION_COMMENTS = YES;
				CLANG_WARN_EMPTY_BODY = YES;
				CLANG_WARN_ENUM_CONVERSION = YES;
				CLANG_WARN_INFINITE_RECURSION = YES;
				CLANG_WARN_INT_CONVERSION = YES;
				CLANG_WARN_OBJC_ROOT_CLASS = YES_ERROR;
				CLANG_WARN_SUSPICIOUS_MOVES = YES;
				CLANG_WARN_UNREACHABLE_CODE = YES;
				CLANG_WARN__DUPLICATE_METHOD_MATCH = YES;
				"CODE_SIGN_IDENTITY[sdk=iphoneos*]" = "iPhone Developer";
				COPY_PHASE_STRIP = NO;
				DEBUG_INFORMATION_FORMAT = dwarf;
				ENABLE_STRICT_OBJC_MSGSEND = YES;
				ENABLE_TESTABILITY = YES;
				GCC_C_LANGUAGE_STANDARD = gnu99;
				GCC_DYNAMIC_NO_PIC = NO;
				GCC_NO_COMMON_BLOCKS = YES;
				GCC_OPTIMIZATION_LEVEL = 0;
				GCC_PREPROCESSOR_DEFINITIONS = (
					"DEBUG=1",
					"$(inherited)",
				);
				GCC_WARN_64_TO_32_BIT_CONVERSION = YES;
				GCC_WARN_ABOUT_RETURN_TYPE = YES_ERROR;
				GCC_WARN_UNDECLARED_SELECTOR = YES;
				GCC_WARN_UNINITIALIZED_AUTOS = YES_AGGRESSIVE;
				GCC_WARN_UNUSED_FUNCTION = YES;
				GCC_WARN_UNUSED_VARIABLE = YES;
				IPHONEOS_DEPLOYMENT_TARGET = 10.0;
				MTL_ENABLE_DEBUG_INFO = YES;
				ONLY_ACTIVE_ARCH = YES;
				SDKROOT = iphoneos;
			};
			name = Debug;
		};
		8F0936BE1DB34D7A0004650D /* Release */ = {
			isa = XCBuildConfiguration;
			buildSettings = {
				ALWAYS_SEARCH_USER_PATHS = NO;
				CLANG_ANALYZER_NONNULL = YES;
				CLANG_CXX_LANGUAGE_STANDARD = "gnu++0x";
				CLANG_CXX_LIBRARY = "libc++";
				CLANG_ENABLE_MODULES = YES;
				CLANG_ENABLE_OBJC_ARC = YES;
				CLANG_WARN_BOOL_CONVERSION = YES;
				CLANG_WARN_CONSTANT_CONVERSION = YES;
				CLANG_WARN_DIRECT_OBJC_ISA_USAGE = YES_ERROR;
				CLANG_WARN_DOCUMENTATION_COMMENTS = YES;
				CLANG_WARN_EMPTY_BODY = YES;
				CLANG_WARN_ENUM_CONVERSION = YES;
				CLANG_WARN_INFINITE_RECURSION = YES;
				CLANG_WARN_INT_CONVERSION = YES;
				CLANG_WARN_OBJC_ROOT_CLASS = YES_ERROR;
				CLANG_WARN_SUSPICIOUS_MOVES = YES;
				CLANG_WARN_UNREACHABLE_CODE = YES;
				CLANG_WARN__DUPLICATE_METHOD_MATCH = YES;
				"CODE_SIGN_IDENTITY[sdk=iphoneos*]" = "iPhone Developer";
				COPY_PHASE_STRIP = NO;
				DEBUG_INFORMATION_FORMAT = "dwarf-with-dsym";
				ENABLE_NS_ASSERTIONS = NO;
				ENABLE_STRICT_OBJC_MSGSEND = YES;
				GCC_C_LANGUAGE_STANDARD = gnu99;
				GCC_NO_COMMON_BLOCKS = YES;
				GCC_WARN_64_TO_32_BIT_CONVERSION = YES;
				GCC_WARN_ABOUT_RETURN_TYPE = YES_ERROR;
				GCC_WARN_UNDECLARED_SELECTOR = YES;
				GCC_WARN_UNINITIALIZED_AUTOS = YES_AGGRESSIVE;
				GCC_WARN_UNUSED_FUNCTION = YES;
				GCC_WARN_UNUSED_VARIABLE = YES;
				IPHONEOS_DEPLOYMENT_TARGET = 10.0;
				MTL_ENABLE_DEBUG_INFO = NO;
				SDKROOT = iphoneos;
				VALIDATE_PRODUCT = YES;
			};
			name = Release;
		};
		8F0936C01DB34D7A0004650D /* Debug */ = {
			isa = XCBuildConfiguration;
			buildSettings = {
				ASSETCATALOG_COMPILER_APPICON_NAME = AppIcon;
				INFOPLIST_FILE = WeatherTable/Info.plist;
				LD_RUNPATH_SEARCH_PATHS = "$(inherited) @executable_path/Frameworks";
				PRODUCT_BUNDLE_IDENTIFIER = JWR.WeatherTable;
				PRODUCT_NAME = "$(TARGET_NAME)";
			};
			name = Debug;
		};
		8F0936C11DB34D7A0004650D /* Release */ = {
			isa = XCBuildConfiguration;
			buildSettings = {
				ASSETCATALOG_COMPILER_APPICON_NAME = AppIcon;
				INFOPLIST_FILE = WeatherTable/Info.plist;
				LD_RUNPATH_SEARCH_PATHS = "$(inherited) @executable_path/Frameworks";
				PRODUCT_BUNDLE_IDENTIFIER = JWR.WeatherTable;
				PRODUCT_NAME = "$(TARGET_NAME)";
			};
			name = Release;
		};
/* End XCBuildConfiguration section */

/* Begin XCConfigurationList section */
		8F0936A31DB34D7A0004650D /* Build configuration list for PBXProject "WeatherTable" */ = {
			isa = XCConfigurationList;
			buildConfigurations = (
				8F0936BD1DB34D7A0004650D /* Debug */,
				8F0936BE1DB34D7A0004650D /* Release */,
			);
			defaultConfigurationIsVisible = 0;
			defaultConfigurationName = Release;
		};
		8F0936BF1DB34D7A0004650D /* Build configuration list for PBXNativeTarget "WeatherTable" */ = {
			isa = XCConfigurationList;
			buildConfigurations = (
				8F0936C01DB34D7A0004650D /* Debug */,
				8F0936C11DB34D7A0004650D /* Release */,
			);
			defaultConfigurationIsVisible = 0;
		};
/* End XCConfigurationList section */
	};
	rootObject = 8F0936A01DB34D7A0004650D /* Project object */;
}
