// !$*UTF8*$!
{
	archiveVersion = 1;
	classes = {
	};
	objectVersion = 46;
	objects = {

/* Begin PBXBuildFile section */
		8F3575C91DA5D8B0007BDC15 /* main.m in Sources */ = {isa = PBXBuildFile; fileRef = 8F3575C81DA5D8B0007BDC15 /* main.m */; };
		8F3575D11DA5D982007BDC15 /* DataSearch.m in Sources */ = {isa = PBXBuildFile; fileRef = 8F3575D01DA5D982007BDC15 /* DataSearch.m */; };
/* End PBXBuildFile section */

/* Begin PBXCopyFilesBuildPhase section */
		8F3575C31DA5D8B0007BDC15 /* CopyFiles */ = {
			isa = PBXCopyFilesBuildPhase;
			buildActionMask = 2147483647;
			dstPath = /usr/share/man/man1/;
			dstSubfolderSpec = 0;
			files = (
			);
			runOnlyForDeploymentPostprocessing = 1;
		};
/* End PBXCopyFilesBuildPhase section */

/* Begin PBXFileReference section */
		8F3575C51DA5D8B0007BDC15 /* DataTest2 */ = {isa = PBXFileReference; explicitFileType = "compiled.mach-o.executable"; includeInIndex = 0; path = DataTest2; sourceTree = BUILT_PRODUCTS_DIR; };
		8F3575C81DA5D8B0007BDC15 /* main.m */ = {isa = PBXFileReference; lastKnownFileType = sourcecode.c.objc; path = main.m; sourceTree = "<group>"; };
		8F3575CF1DA5D982007BDC15 /* DataSearch.h */ = {isa = PBXFileReference; fileEncoding = 4; lastKnownFileType = sourcecode.c.h; path = DataSearch.h; sourceTree = "<group>"; };
		8F3575D01DA5D982007BDC15 /* DataSearch.m */ = {isa = PBXFileReference; fileEncoding = 4; lastKnownFileType = sourcecode.c.objc; path = DataSearch.m; sourceTree = "<group>"; };
/* End PBXFileReference section */

/* Begin PBXFrameworksBuildPhase section */
		8F3575C21DA5D8B0007BDC15 /* Frameworks */ = {
			isa = PBXFrameworksBuildPhase;
			buildActionMask = 2147483647;
			files = (
			);
			runOnlyForDeploymentPostprocessing = 0;
		};
/* End PBXFrameworksBuildPhase section */

/* Begin PBXGroup section */
		8F3575BC1DA5D8B0007BDC15 = {
			isa = PBXGroup;
			children = (
				8F3575C71DA5D8B0007BDC15 /* DataTest2 */,
				8F3575C61DA5D8B0007BDC15 /* Products */,
			);
			sourceTree = "<group>";
		};
		8F3575C61DA5D8B0007BDC15 /* Products */ = {
			isa = PBXGroup;
			children = (
				8F3575C51DA5D8B0007BDC15 /* DataTest2 */,
			);
			name = Products;
			sourceTree = "<group>";
		};
		8F3575C71DA5D8B0007BDC15 /* DataTest2 */ = {
			isa = PBXGroup;
			children = (
				8F3575C81DA5D8B0007BDC15 /* main.m */,
				8F3575CF1DA5D982007BDC15 /* DataSearch.h */,
				8F3575D01DA5D982007BDC15 /* DataSearch.m */,
			);
			path = DataTest2;
			sourceTree = "<group>";
		};
/* End PBXGroup section */

/* Begin PBXNativeTarget section */
		8F3575C41DA5D8B0007BDC15 /* DataTest2 */ = {
			isa = PBXNativeTarget;
			buildConfigurationList = 8F3575CC1DA5D8B0007BDC15 /* Build configuration list for PBXNativeTarget "DataTest2" */;
			buildPhases = (
				8F3575C11DA5D8B0007BDC15 /* Sources */,
				8F3575C21DA5D8B0007BDC15 /* Frameworks */,
				8F3575C31DA5D8B0007BDC15 /* CopyFiles */,
			);
			buildRules = (
			);
			dependencies = (
			);
			name = DataTest2;
			productName = DataTest2;
			productReference = 8F3575C51DA5D8B0007BDC15 /* DataTest2 */;
			productType = "com.apple.product-type.tool";
		};
/* End PBXNativeTarget section */

/* Begin PBXProject section */
		8F3575BD1DA5D8B0007BDC15 /* Project object */ = {
			isa = PBXProject;
			attributes = {
				LastUpgradeCheck = 0800;
				ORGANIZATIONNAME = "노정우";
				TargetAttributes = {
					8F3575C41DA5D8B0007BDC15 = {
						CreatedOnToolsVersion = 8.0;
						ProvisioningStyle = Automatic;
					};
				};
			};
			buildConfigurationList = 8F3575C01DA5D8B0007BDC15 /* Build configuration list for PBXProject "DataTest2" */;
			compatibilityVersion = "Xcode 3.2";
			developmentRegion = English;
			hasScannedForEncodings = 0;
			knownRegions = (
				en,
			);
			mainGroup = 8F3575BC1DA5D8B0007BDC15;
			productRefGroup = 8F3575C61DA5D8B0007BDC15 /* Products */;
			projectDirPath = "";
			projectRoot = "";
			targets = (
				8F3575C41DA5D8B0007BDC15 /* DataTest2 */,
			);
		};
/* End PBXProject section */

/* Begin PBXSourcesBuildPhase section */
		8F3575C11DA5D8B0007BDC15 /* Sources */ = {
			isa = PBXSourcesBuildPhase;
			buildActionMask = 2147483647;
			files = (
				8F3575C91DA5D8B0007BDC15 /* main.m in Sources */,
				8F3575D11DA5D982007BDC15 /* DataSearch.m in Sources */,
			);
			runOnlyForDeploymentPostprocessing = 0;
		};
/* End PBXSourcesBuildPhase section */

/* Begin XCBuildConfiguration section */
		8F3575CA1DA5D8B0007BDC15 /* Debug */ = {
			isa = XCBuildConfiguration;
			buildSettings = {
				ALWAYS_SEARCH_USER_PATHS = NO;
				CLANG_ANALYZER_NONNULL = YES;
				CLANG_CXX_LANGUAGE_STANDARD = "gnu++0x";
				CLANG_CXX_LIBRARY = "libc++";
				CLANG_ENABLE_MODULES = YES;
				CLANG_ENABLE_OBJC_ARC = YES;
				CLANG_WARN_BOOL_CONVERSION = YES;
				CLANG_WARN_CONSTANT_CONVERSION = YES;
				CLANG_WARN_DIRECT_OBJC_ISA_USAGE = YES_ERROR;
				CLANG_WARN_DOCUMENTATION_COMMENTS = YES;
				CLANG_WARN_EMPTY_BODY = YES;
				CLANG_WARN_ENUM_CONVERSION = YES;
				CLANG_WARN_INFINITE_RECURSION = YES;
				CLANG_WARN_INT_CONVERSION = YES;
				CLANG_WARN_OBJC_ROOT_CLASS = YES_ERROR;
				CLANG_WARN_SUSPICIOUS_MOVES = YES;
				CLANG_WARN_UNREACHABLE_CODE = YES;
				CLANG_WARN__DUPLICATE_METHOD_MATCH = YES;
				CODE_SIGN_IDENTITY = "-";
				COPY_PHASE_STRIP = NO;
				DEBUG_INFORMATION_FORMAT = dwarf;
				ENABLE_STRICT_OBJC_MSGSEND = YES;
				ENABLE_TESTABILITY = YES;
				GCC_C_LANGUAGE_STANDARD = gnu99;
				GCC_DYNAMIC_NO_PIC = NO;
				GCC_NO_COMMON_BLOCKS = YES;
				GCC_OPTIMIZATION_LEVEL = 0;
				GCC_PREPROCESSOR_DEFINITIONS = (
					"DEBUG=1",
					"$(inherited)",
				);
				GCC_WARN_64_TO_32_BIT_CONVERSION = YES;
				GCC_WARN_ABOUT_RETURN_TYPE = YES_ERROR;
				GCC_WARN_UNDECLARED_SELECTOR = YES;
				GCC_WARN_UNINITIALIZED_AUTOS = YES_AGGRESSIVE;
				GCC_WARN_UNUSED_FUNCTION = YES;
				GCC_WARN_UNUSED_VARIABLE = YES;
				MACOSX_DEPLOYMENT_TARGET = 10.12;
				MTL_ENABLE_DEBUG_INFO = YES;
				ONLY_ACTIVE_ARCH = YES;
				SDKROOT = macosx;
			};
			name = Debug;
		};
		8F3575CB1DA5D8B0007BDC15 /* Release */ = {
			isa = XCBuildConfiguration;
			buildSettings = {
				ALWAYS_SEARCH_USER_PATHS = NO;
				CLANG_ANALYZER_NONNULL = YES;
				CLANG_CXX_LANGUAGE_STANDARD = "gnu++0x";
				CLANG_CXX_LIBRARY = "libc++";
				CLANG_ENABLE_MODULES = YES;
				CLANG_ENABLE_OBJC_ARC = YES;
				CLANG_WARN_BOOL_CONVERSION = YES;
				CLANG_WARN_CONSTANT_CONVERSION = YES;
				CLANG_WARN_DIRECT_OBJC_ISA_USAGE = YES_ERROR;
				CLANG_WARN_DOCUMENTATION_COMMENTS = YES;
				CLANG_WARN_EMPTY_BODY = YES;
				CLANG_WARN_ENUM_CONVERSION = YES;
				CLANG_WARN_INFINITE_RECURSION = YES;
				CLANG_WARN_INT_CONVERSION = YES;
				CLANG_WARN_OBJC_ROOT_CLASS = YES_ERROR;
				CLANG_WARN_SUSPICIOUS_MOVES = YES;
				CLANG_WARN_UNREACHABLE_CODE = YES;
				CLANG_WARN__DUPLICATE_METHOD_MATCH = YES;
				CODE_SIGN_IDENTITY = "-";
				COPY_PHASE_STRIP = NO;
				DEBUG_INFORMATION_FORMAT = "dwarf-with-dsym";
				ENABLE_NS_ASSERTIONS = NO;
				ENABLE_STRICT_OBJC_MSGSEND = YES;
				GCC_C_LANGUAGE_STANDARD = gnu99;
				GCC_NO_COMMON_BLOCKS = YES;
				GCC_WARN_64_TO_32_BIT_CONVERSION = YES;
				GCC_WARN_ABOUT_RETURN_TYPE = YES_ERROR;
				GCC_WARN_UNDECLARED_SELECTOR = YES;
				GCC_WARN_UNINITIALIZED_AUTOS = YES_AGGRESSIVE;
				GCC_WARN_UNUSED_FUNCTION = YES;
				GCC_WARN_UNUSED_VARIABLE = YES;
				MACOSX_DEPLOYMENT_TARGET = 10.12;
				MTL_ENABLE_DEBUG_INFO = NO;
				SDKROOT = macosx;
			};
			name = Release;
		};
		8F3575CD1DA5D8B0007BDC15 /* Debug */ = {
			isa = XCBuildConfiguration;
			buildSettings = {
				PRODUCT_NAME = "$(TARGET_NAME)";
			};
			name = Debug;
		};
		8F3575CE1DA5D8B0007BDC15 /* Release */ = {
			isa = XCBuildConfiguration;
			buildSettings = {
				PRODUCT_NAME = "$(TARGET_NAME)";
			};
			name = Release;
		};
/* End XCBuildConfiguration section */

/* Begin XCConfigurationList section */
		8F3575C01DA5D8B0007BDC15 /* Build configuration list for PBXProject "DataTest2" */ = {
			isa = XCConfigurationList;
			buildConfigurations = (
				8F3575CA1DA5D8B0007BDC15 /* Debug */,
				8F3575CB1DA5D8B0007BDC15 /* Release */,
			);
			defaultConfigurationIsVisible = 0;
			defaultConfigurationName = Release;
		};
		8F3575CC1DA5D8B0007BDC15 /* Build configuration list for PBXNativeTarget "DataTest2" */ = {
			isa = XCConfigurationList;
			buildConfigurations = (
				8F3575CD1DA5D8B0007BDC15 /* Debug */,
				8F3575CE1DA5D8B0007BDC15 /* Release */,
			);
			defaultConfigurationIsVisible = 0;
		};
/* End XCConfigurationList section */
	};
	rootObject = 8F3575BD1DA5D8B0007BDC15 /* Project object */;
}
