// !$*UTF8*$!
{
	archiveVersion = 1;
	classes = {
	};
	objectVersion = 46;
	objects = {

/* Begin PBXBuildFile section */
		8F2153A11DA37F26004A6C1C /* main.m in Sources */ = {isa = PBXBuildFile; fileRef = 8F2153A01DA37F26004A6C1C /* main.m */; };
		8F2153A91DA37FB1004A6C1C /* Multiplication.m in Sources */ = {isa = PBXBuildFile; fileRef = 8F2153A81DA37FB1004A6C1C /* Multiplication.m */; };
		8F2153AC1DA39F78004A6C1C /* DataTest.m in Sources */ = {isa = PBXBuildFile; fileRef = 8F2153AB1DA39F78004A6C1C /* DataTest.m */; };
/* End PBXBuildFile section */

/* Begin PBXCopyFilesBuildPhase section */
		8F21539B1DA37F26004A6C1C /* CopyFiles */ = {
			isa = PBXCopyFilesBuildPhase;
			buildActionMask = 2147483647;
			dstPath = /usr/share/man/man1/;
			dstSubfolderSpec = 0;
			files = (
			);
			runOnlyForDeploymentPostprocessing = 1;
		};
/* End PBXCopyFilesBuildPhase section */

/* Begin PBXFileReference section */
		8F21539D1DA37F26004A6C1C /* Multiplication */ = {isa = PBXFileReference; explicitFileType = "compiled.mach-o.executable"; includeInIndex = 0; path = Multiplication; sourceTree = BUILT_PRODUCTS_DIR; };
		8F2153A01DA37F26004A6C1C /* main.m */ = {isa = PBXFileReference; lastKnownFileType = sourcecode.c.objc; path = main.m; sourceTree = "<group>"; };
		8F2153A71DA37FB1004A6C1C /* Multiplication.h */ = {isa = PBXFileReference; fileEncoding = 4; lastKnownFileType = sourcecode.c.h; path = Multiplication.h; sourceTree = "<group>"; };
		8F2153A81DA37FB1004A6C1C /* Multiplication.m */ = {isa = PBXFileReference; fileEncoding = 4; lastKnownFileType = sourcecode.c.objc; path = Multiplication.m; sourceTree = "<group>"; };
		8F2153AA1DA39F78004A6C1C /* DataTest.h */ = {isa = PBXFileReference; fileEncoding = 4; lastKnownFileType = sourcecode.c.h; path = DataTest.h; sourceTree = "<group>"; };
		8F2153AB1DA39F78004A6C1C /* DataTest.m */ = {isa = PBXFileReference; fileEncoding = 4; lastKnownFileType = sourcecode.c.objc; path = DataTest.m; sourceTree = "<group>"; };
/* End PBXFileReference section */

/* Begin PBXFrameworksBuildPhase section */
		8F21539A1DA37F26004A6C1C /* Frameworks */ = {
			isa = PBXFrameworksBuildPhase;
			buildActionMask = 2147483647;
			files = (
			);
			runOnlyForDeploymentPostprocessing = 0;
		};
/* End PBXFrameworksBuildPhase section */

/* Begin PBXGroup section */
		8F2153941DA37F26004A6C1C = {
			isa = PBXGroup;
			children = (
				8F21539F1DA37F26004A6C1C /* Multiplication */,
				8F21539E1DA37F26004A6C1C /* Products */,
			);
			sourceTree = "<group>";
		};
		8F21539E1DA37F26004A6C1C /* Products */ = {
			isa = PBXGroup;
			children = (
				8F21539D1DA37F26004A6C1C /* Multiplication */,
			);
			name = Products;
			sourceTree = "<group>";
		};
		8F21539F1DA37F26004A6C1C /* Multiplication */ = {
			isa = PBXGroup;
			children = (
				8F2153A01DA37F26004A6C1C /* main.m */,
				8F2153A71DA37FB1004A6C1C /* Multiplication.h */,
				8F2153A81DA37FB1004A6C1C /* Multiplication.m */,
				8F2153AA1DA39F78004A6C1C /* DataTest.h */,
				8F2153AB1DA39F78004A6C1C /* DataTest.m */,
			);
			path = Multiplication;
			sourceTree = "<group>";
		};
/* End PBXGroup section */

/* Begin PBXNativeTarget section */
		8F21539C1DA37F26004A6C1C /* Multiplication */ = {
			isa = PBXNativeTarget;
			buildConfigurationList = 8F2153A41DA37F26004A6C1C /* Build configuration list for PBXNativeTarget "Multiplication" */;
			buildPhases = (
				8F2153991DA37F26004A6C1C /* Sources */,
				8F21539A1DA37F26004A6C1C /* Frameworks */,
				8F21539B1DA37F26004A6C1C /* CopyFiles */,
			);
			buildRules = (
			);
			dependencies = (
			);
			name = Multiplication;
			productName = Multiplication;
			productReference = 8F21539D1DA37F26004A6C1C /* Multiplication */;
			productType = "com.apple.product-type.tool";
		};
/* End PBXNativeTarget section */

/* Begin PBXProject section */
		8F2153951DA37F26004A6C1C /* Project object */ = {
			isa = PBXProject;
			attributes = {
				LastUpgradeCheck = 0800;
				ORGANIZATIONNAME = "노정우";
				TargetAttributes = {
					8F21539C1DA37F26004A6C1C = {
						CreatedOnToolsVersion = 8.0;
						ProvisioningStyle = Automatic;
					};
				};
			};
			buildConfigurationList = 8F2153981DA37F26004A6C1C /* Build configuration list for PBXProject "Multiplication" */;
			compatibilityVersion = "Xcode 3.2";
			developmentRegion = English;
			hasScannedForEncodings = 0;
			knownRegions = (
				en,
			);
			mainGroup = 8F2153941DA37F26004A6C1C;
			productRefGroup = 8F21539E1DA37F26004A6C1C /* Products */;
			projectDirPath = "";
			projectRoot = "";
			targets = (
				8F21539C1DA37F26004A6C1C /* Multiplication */,
			);
		};
/* End PBXProject section */

/* Begin PBXSourcesBuildPhase section */
		8F2153991DA37F26004A6C1C /* Sources */ = {
			isa = PBXSourcesBuildPhase;
			buildActionMask = 2147483647;
			files = (
				8F2153A11DA37F26004A6C1C /* main.m in Sources */,
				8F2153AC1DA39F78004A6C1C /* DataTest.m in Sources */,
				8F2153A91DA37FB1004A6C1C /* Multiplication.m in Sources */,
			);
			runOnlyForDeploymentPostprocessing = 0;
		};
/* End PBXSourcesBuildPhase section */

/* Begin XCBuildConfiguration section */
		8F2153A21DA37F26004A6C1C /* Debug */ = {
			isa = XCBuildConfiguration;
			buildSettings = {
				ALWAYS_SEARCH_USER_PATHS = NO;
				CLANG_ANALYZER_NONNULL = YES;
				CLANG_CXX_LANGUAGE_STANDARD = "gnu++0x";
				CLANG_CXX_LIBRARY = "libc++";
				CLANG_ENABLE_MODULES = YES;
				CLANG_ENABLE_OBJC_ARC = YES;
				CLANG_WARN_BOOL_CONVERSION = YES;
				CLANG_WARN_CONSTANT_CONVERSION = YES;
				CLANG_WARN_DIRECT_OBJC_ISA_USAGE = YES_ERROR;
				CLANG_WARN_DOCUMENTATION_COMMENTS = YES;
				CLANG_WARN_EMPTY_BODY = YES;
				CLANG_WARN_ENUM_CONVERSION = YES;
				CLANG_WARN_INFINITE_RECURSION = YES;
				CLANG_WARN_INT_CONVERSION = YES;
				CLANG_WARN_OBJC_ROOT_CLASS = YES_ERROR;
				CLANG_WARN_SUSPICIOUS_MOVES = YES;
				CLANG_WARN_UNREACHABLE_CODE = YES;
				CLANG_WARN__DUPLICATE_METHOD_MATCH = YES;
				CODE_SIGN_IDENTITY = "-";
				COPY_PHASE_STRIP = NO;
				DEBUG_INFORMATION_FORMAT = dwarf;
				ENABLE_STRICT_OBJC_MSGSEND = YES;
				ENABLE_TESTABILITY = YES;
				GCC_C_LANGUAGE_STANDARD = gnu99;
				GCC_DYNAMIC_NO_PIC = NO;
				GCC_NO_COMMON_BLOCKS = YES;
				GCC_OPTIMIZATION_LEVEL = 0;
				GCC_PREPROCESSOR_DEFINITIONS = (
					"DEBUG=1",
					"$(inherited)",
				);
				GCC_WARN_64_TO_32_BIT_CONVERSION = YES;
				GCC_WARN_ABOUT_RETURN_TYPE = YES_ERROR;
				GCC_WARN_UNDECLARED_SELECTOR = YES;
				GCC_WARN_UNINITIALIZED_AUTOS = YES_AGGRESSIVE;
				GCC_WARN_UNUSED_FUNCTION = YES;
				GCC_WARN_UNUSED_VARIABLE = YES;
				MACOSX_DEPLOYMENT_TARGET = 10.12;
				MTL_ENABLE_DEBUG_INFO = YES;
				ONLY_ACTIVE_ARCH = YES;
				SDKROOT = macosx;
			};
			name = Debug;
		};
		8F2153A31DA37F26004A6C1C /* Release */ = {
			isa = XCBuildConfiguration;
			buildSettings = {
				ALWAYS_SEARCH_USER_PATHS = NO;
				CLANG_ANALYZER_NONNULL = YES;
				CLANG_CXX_LANGUAGE_STANDARD = "gnu++0x";
				CLANG_CXX_LIBRARY = "libc++";
				CLANG_ENABLE_MODULES = YES;
				CLANG_ENABLE_OBJC_ARC = YES;
				CLANG_WARN_BOOL_CONVERSION = YES;
				CLANG_WARN_CONSTANT_CONVERSION = YES;
				CLANG_WARN_DIRECT_OBJC_ISA_USAGE = YES_ERROR;
				CLANG_WARN_DOCUMENTATION_COMMENTS = YES;
				CLANG_WARN_EMPTY_BODY = YES;
				CLANG_WARN_ENUM_CONVERSION = YES;
				CLANG_WARN_INFINITE_RECURSION = YES;
				CLANG_WARN_INT_CONVERSION = YES;
				CLANG_WARN_OBJC_ROOT_CLASS = YES_ERROR;
				CLANG_WARN_SUSPICIOUS_MOVES = YES;
				CLANG_WARN_UNREACHABLE_CODE = YES;
				CLANG_WARN__DUPLICATE_METHOD_MATCH = YES;
				CODE_SIGN_IDENTITY = "-";
				COPY_PHASE_STRIP = NO;
				DEBUG_INFORMATION_FORMAT = "dwarf-with-dsym";
				ENABLE_NS_ASSERTIONS = NO;
				ENABLE_STRICT_OBJC_MSGSEND = YES;
				GCC_C_LANGUAGE_STANDARD = gnu99;
				GCC_NO_COMMON_BLOCKS = YES;
				GCC_WARN_64_TO_32_BIT_CONVERSION = YES;
				GCC_WARN_ABOUT_RETURN_TYPE = YES_ERROR;
				GCC_WARN_UNDECLARED_SELECTOR = YES;
				GCC_WARN_UNINITIALIZED_AUTOS = YES_AGGRESSIVE;
				GCC_WARN_UNUSED_FUNCTION = YES;
				GCC_WARN_UNUSED_VARIABLE = YES;
				MACOSX_DEPLOYMENT_TARGET = 10.12;
				MTL_ENABLE_DEBUG_INFO = NO;
				SDKROOT = macosx;
			};
			name = Release;
		};
		8F2153A51DA37F26004A6C1C /* Debug */ = {
			isa = XCBuildConfiguration;
			buildSettings = {
				PRODUCT_NAME = "$(TARGET_NAME)";
			};
			name = Debug;
		};
		8F2153A61DA37F26004A6C1C /* Release */ = {
			isa = XCBuildConfiguration;
			buildSettings = {
				PRODUCT_NAME = "$(TARGET_NAME)";
			};
			name = Release;
		};
/* End XCBuildConfiguration section */

/* Begin XCConfigurationList section */
		8F2153981DA37F26004A6C1C /* Build configuration list for PBXProject "Multiplication" */ = {
			isa = XCConfigurationList;
			buildConfigurations = (
				8F2153A21DA37F26004A6C1C /* Debug */,
				8F2153A31DA37F26004A6C1C /* Release */,
			);
			defaultConfigurationIsVisible = 0;
			defaultConfigurationName = Release;
		};
		8F2153A41DA37F26004A6C1C /* Build configuration list for PBXNativeTarget "Multiplication" */ = {
			isa = XCConfigurationList;
			buildConfigurations = (
				8F2153A51DA37F26004A6C1C /* Debug */,
				8F2153A61DA37F26004A6C1C /* Release */,
			);
			defaultConfigurationIsVisible = 0;
		};
/* End XCConfigurationList section */
	};
	rootObject = 8F2153951DA37F26004A6C1C /* Project object */;
}
