// !$*UTF8*$!
{
	archiveVersion = 1;
	classes = {
	};
	objectVersion = 46;
	objects = {

/* Begin PBXBuildFile section */
		8FA821751DAB38640051D437 /* main.m in Sources */ = {isa = PBXBuildFile; fileRef = 8FA821741DAB38640051D437 /* main.m */; };
		8FA821781DAB38640051D437 /* AppDelegate.m in Sources */ = {isa = PBXBuildFile; fileRef = 8FA821771DAB38640051D437 /* AppDelegate.m */; };
		8FA8217B1DAB38640051D437 /* ViewController.m in Sources */ = {isa = PBXBuildFile; fileRef = 8FA8217A1DAB38640051D437 /* ViewController.m */; };
		8FA8217E1DAB38640051D437 /* Main.storyboard in Resources */ = {isa = PBXBuildFile; fileRef = 8FA8217C1DAB38640051D437 /* Main.storyboard */; };
		8FA821801DAB38640051D437 /* Assets.xcassets in Resources */ = {isa = PBXBuildFile; fileRef = 8FA8217F1DAB38640051D437 /* Assets.xcassets */; };
		8FA821831DAB38640051D437 /* LaunchScreen.storyboard in Resources */ = {isa = PBXBuildFile; fileRef = 8FA821811DAB38640051D437 /* LaunchScreen.storyboard */; };
		8FA8218B1DAB3A5E0051D437 /* jin3.jpg in Resources */ = {isa = PBXBuildFile; fileRef = 8FA8218A1DAB3A5E0051D437 /* jin3.jpg */; };
/* End PBXBuildFile section */

/* Begin PBXFileReference section */
		8FA821701DAB38640051D437 /* UIPractice1010.app */ = {isa = PBXFileReference; explicitFileType = wrapper.application; includeInIndex = 0; path = UIPractice1010.app; sourceTree = BUILT_PRODUCTS_DIR; };
		8FA821741DAB38640051D437 /* main.m */ = {isa = PBXFileReference; lastKnownFileType = sourcecode.c.objc; path = main.m; sourceTree = "<group>"; };
		8FA821761DAB38640051D437 /* AppDelegate.h */ = {isa = PBXFileReference; lastKnownFileType = sourcecode.c.h; path = AppDelegate.h; sourceTree = "<group>"; };
		8FA821771DAB38640051D437 /* AppDelegate.m */ = {isa = PBXFileReference; lastKnownFileType = sourcecode.c.objc; path = AppDelegate.m; sourceTree = "<group>"; };
		8FA821791DAB38640051D437 /* ViewController.h */ = {isa = PBXFileReference; lastKnownFileType = sourcecode.c.h; path = ViewController.h; sourceTree = "<group>"; };
		8FA8217A1DAB38640051D437 /* ViewController.m */ = {isa = PBXFileReference; lastKnownFileType = sourcecode.c.objc; path = ViewController.m; sourceTree = "<group>"; };
		8FA8217D1DAB38640051D437 /* Base */ = {isa = PBXFileReference; lastKnownFileType = file.storyboard; name = Base; path = Base.lproj/Main.storyboard; sourceTree = "<group>"; };
		8FA8217F1DAB38640051D437 /* Assets.xcassets */ = {isa = PBXFileReference; lastKnownFileType = folder.assetcatalog; path = Assets.xcassets; sourceTree = "<group>"; };
		8FA821821DAB38640051D437 /* Base */ = {isa = PBXFileReference; lastKnownFileType = file.storyboard; name = Base; path = Base.lproj/LaunchScreen.storyboard; sourceTree = "<group>"; };
		8FA821841DAB38640051D437 /* Info.plist */ = {isa = PBXFileReference; lastKnownFileType = text.plist.xml; path = Info.plist; sourceTree = "<group>"; };
		8FA8218A1DAB3A5E0051D437 /* jin3.jpg */ = {isa = PBXFileReference; lastKnownFileType = image.jpeg; path = jin3.jpg; sourceTree = "<group>"; };
/* End PBXFileReference section */

/* Begin PBXFrameworksBuildPhase section */
		8FA8216D1DAB38640051D437 /* Frameworks */ = {
			isa = PBXFrameworksBuildPhase;
			buildActionMask = 2147483647;
			files = (
			);
			runOnlyForDeploymentPostprocessing = 0;
		};
/* End PBXFrameworksBuildPhase section */

/* Begin PBXGroup section */
		8FA821671DAB38640051D437 = {
			isa = PBXGroup;
			children = (
				8FA821721DAB38640051D437 /* UIPractice1010 */,
				8FA821711DAB38640051D437 /* Products */,
			);
			sourceTree = "<group>";
		};
		8FA821711DAB38640051D437 /* Products */ = {
			isa = PBXGroup;
			children = (
				8FA821701DAB38640051D437 /* UIPractice1010.app */,
			);
			name = Products;
			sourceTree = "<group>";
		};
		8FA821721DAB38640051D437 /* UIPractice1010 */ = {
			isa = PBXGroup;
			children = (
				8FA8218A1DAB3A5E0051D437 /* jin3.jpg */,
				8FA821761DAB38640051D437 /* AppDelegate.h */,
				8FA821771DAB38640051D437 /* AppDelegate.m */,
				8FA821791DAB38640051D437 /* ViewController.h */,
				8FA8217A1DAB38640051D437 /* ViewController.m */,
				8FA8217C1DAB38640051D437 /* Main.storyboard */,
				8FA8217F1DAB38640051D437 /* Assets.xcassets */,
				8FA821811DAB38640051D437 /* LaunchScreen.storyboard */,
				8FA821841DAB38640051D437 /* Info.plist */,
				8FA821731DAB38640051D437 /* Supporting Files */,
			);
			path = UIPractice1010;
			sourceTree = "<group>";
		};
		8FA821731DAB38640051D437 /* Supporting Files */ = {
			isa = PBXGroup;
			children = (
				8FA821741DAB38640051D437 /* main.m */,
			);
			name = "Supporting Files";
			sourceTree = "<group>";
		};
/* End PBXGroup section */

/* Begin PBXNativeTarget section */
		8FA8216F1DAB38640051D437 /* UIPractice1010 */ = {
			isa = PBXNativeTarget;
			buildConfigurationList = 8FA821871DAB38640051D437 /* Build configuration list for PBXNativeTarget "UIPractice1010" */;
			buildPhases = (
				8FA8216C1DAB38640051D437 /* Sources */,
				8FA8216D1DAB38640051D437 /* Frameworks */,
				8FA8216E1DAB38640051D437 /* Resources */,
			);
			buildRules = (
			);
			dependencies = (
			);
			name = UIPractice1010;
			productName = UIPractice1010;
			productReference = 8FA821701DAB38640051D437 /* UIPractice1010.app */;
			productType = "com.apple.product-type.application";
		};
/* End PBXNativeTarget section */

/* Begin PBXProject section */
		8FA821681DAB38640051D437 /* Project object */ = {
			isa = PBXProject;
			attributes = {
				LastUpgradeCheck = 0800;
				ORGANIZATIONNAME = "노정우";
				TargetAttributes = {
					8FA8216F1DAB38640051D437 = {
						CreatedOnToolsVersion = 8.0;
						ProvisioningStyle = Automatic;
					};
				};
			};
			buildConfigurationList = 8FA8216B1DAB38640051D437 /* Build configuration list for PBXProject "UIPractice1010" */;
			compatibilityVersion = "Xcode 3.2";
			developmentRegion = English;
			hasScannedForEncodings = 0;
			knownRegions = (
				en,
				Base,
			);
			mainGroup = 8FA821671DAB38640051D437;
			productRefGroup = 8FA821711DAB38640051D437 /* Products */;
			projectDirPath = "";
			projectRoot = "";
			targets = (
				8FA8216F1DAB38640051D437 /* UIPractice1010 */,
			);
		};
/* End PBXProject section */

/* Begin PBXResourcesBuildPhase section */
		8FA8216E1DAB38640051D437 /* Resources */ = {
			isa = PBXResourcesBuildPhase;
			buildActionMask = 2147483647;
			files = (
				8FA821831DAB38640051D437 /* LaunchScreen.storyboard in Resources */,
				8FA821801DAB38640051D437 /* Assets.xcassets in Resources */,
				8FA8217E1DAB38640051D437 /* Main.storyboard in Resources */,
				8FA8218B1DAB3A5E0051D437 /* jin3.jpg in Resources */,
			);
			runOnlyForDeploymentPostprocessing = 0;
		};
/* End PBXResourcesBuildPhase section */

/* Begin PBXSourcesBuildPhase section */
		8FA8216C1DAB38640051D437 /* Sources */ = {
			isa = PBXSourcesBuildPhase;
			buildActionMask = 2147483647;
			files = (
				8FA8217B1DAB38640051D437 /* ViewController.m in Sources */,
				8FA821781DAB38640051D437 /* AppDelegate.m in Sources */,
				8FA821751DAB38640051D437 /* main.m in Sources */,
			);
			runOnlyForDeploymentPostprocessing = 0;
		};
/* End PBXSourcesBuildPhase section */

/* Begin PBXVariantGroup section */
		8FA8217C1DAB38640051D437 /* Main.storyboard */ = {
			isa = PBXVariantGroup;
			children = (
				8FA8217D1DAB38640051D437 /* Base */,
			);
			name = Main.storyboard;
			sourceTree = "<group>";
		};
		8FA821811DAB38640051D437 /* LaunchScreen.storyboard */ = {
			isa = PBXVariantGroup;
			children = (
				8FA821821DAB38640051D437 /* Base */,
			);
			name = LaunchScreen.storyboard;
			sourceTree = "<group>";
		};
/* End PBXVariantGroup section */

/* Begin XCBuildConfiguration section */
		8FA821851DAB38640051D437 /* Debug */ = {
			isa = XCBuildConfiguration;
			buildSettings = {
				ALWAYS_SEARCH_USER_PATHS = NO;
				CLANG_ANALYZER_NONNULL = YES;
				CLANG_CXX_LANGUAGE_STANDARD = "gnu++0x";
				CLANG_CXX_LIBRARY = "libc++";
				CLANG_ENABLE_MODULES = YES;
				CLANG_ENABLE_OBJC_ARC = YES;
				CLANG_WARN_BOOL_CONVERSION = YES;
				CLANG_WARN_CONSTANT_CONVERSION = YES;
				CLANG_WARN_DIRECT_OBJC_ISA_USAGE = YES_ERROR;
				CLANG_WARN_DOCUMENTATION_COMMENTS = YES;
				CLANG_WARN_EMPTY_BODY = YES;
				CLANG_WARN_ENUM_CONVERSION = YES;
				CLANG_WARN_INFINITE_RECURSION = YES;
				CLANG_WARN_INT_CONVERSION = YES;
				CLANG_WARN_OBJC_ROOT_CLASS = YES_ERROR;
				CLANG_WARN_SUSPICIOUS_MOVES = YES;
				CLANG_WARN_UNREACHABLE_CODE = YES;
				CLANG_WARN__DUPLICATE_METHOD_MATCH = YES;
				"CODE_SIGN_IDENTITY[sdk=iphoneos*]" = "iPhone Developer";
				COPY_PHASE_STRIP = NO;
				DEBUG_INFORMATION_FORMAT = dwarf;
				ENABLE_STRICT_OBJC_MSGSEND = YES;
				ENABLE_TESTABILITY = YES;
				GCC_C_LANGUAGE_STANDARD = gnu99;
				GCC_DYNAMIC_NO_PIC = NO;
				GCC_NO_COMMON_BLOCKS = YES;
				GCC_OPTIMIZATION_LEVEL = 0;
				GCC_PREPROCESSOR_DEFINITIONS = (
					"DEBUG=1",
					"$(inherited)",
				);
				GCC_WARN_64_TO_32_BIT_CONVERSION = YES;
				GCC_WARN_ABOUT_RETURN_TYPE = YES_ERROR;
				GCC_WARN_UNDECLARED_SELECTOR = YES;
				GCC_WARN_UNINITIALIZED_AUTOS = YES_AGGRESSIVE;
				GCC_WARN_UNUSED_FUNCTION = YES;
				GCC_WARN_UNUSED_VARIABLE = YES;
				IPHONEOS_DEPLOYMENT_TARGET = 10.0;
				MTL_ENABLE_DEBUG_INFO = YES;
				ONLY_ACTIVE_ARCH = YES;
				SDKROOT = iphoneos;
			};
			name = Debug;
		};
		8FA821861DAB38640051D437 /* Release */ = {
			isa = XCBuildConfiguration;
			buildSettings = {
				ALWAYS_SEARCH_USER_PATHS = NO;
				CLANG_ANALYZER_NONNULL = YES;
				CLANG_CXX_LANGUAGE_STANDARD = "gnu++0x";
				CLANG_CXX_LIBRARY = "libc++";
				CLANG_ENABLE_MODULES = YES;
				CLANG_ENABLE_OBJC_ARC = YES;
				CLANG_WARN_BOOL_CONVERSION = YES;
				CLANG_WARN_CONSTANT_CONVERSION = YES;
				CLANG_WARN_DIRECT_OBJC_ISA_USAGE = YES_ERROR;
				CLANG_WARN_DOCUMENTATION_COMMENTS = YES;
				CLANG_WARN_EMPTY_BODY = YES;
				CLANG_WARN_ENUM_CONVERSION = YES;
				CLANG_WARN_INFINITE_RECURSION = YES;
				CLANG_WARN_INT_CONVERSION = YES;
				CLANG_WARN_OBJC_ROOT_CLASS = YES_ERROR;
				CLANG_WARN_SUSPICIOUS_MOVES = YES;
				CLANG_WARN_UNREACHABLE_CODE = YES;
				CLANG_WARN__DUPLICATE_METHOD_MATCH = YES;
				"CODE_SIGN_IDENTITY[sdk=iphoneos*]" = "iPhone Developer";
				COPY_PHASE_STRIP = NO;
				DEBUG_INFORMATION_FORMAT = "dwarf-with-dsym";
				ENABLE_NS_ASSERTIONS = NO;
				ENABLE_STRICT_OBJC_MSGSEND = YES;
				GCC_C_LANGUAGE_STANDARD = gnu99;
				GCC_NO_COMMON_BLOCKS = YES;
				GCC_WARN_64_TO_32_BIT_CONVERSION = YES;
				GCC_WARN_ABOUT_RETURN_TYPE = YES_ERROR;
				GCC_WARN_UNDECLARED_SELECTOR = YES;
				GCC_WARN_UNINITIALIZED_AUTOS = YES_AGGRESSIVE;
				GCC_WARN_UNUSED_FUNCTION = YES;
				GCC_WARN_UNUSED_VARIABLE = YES;
				IPHONEOS_DEPLOYMENT_TARGET = 10.0;
				MTL_ENABLE_DEBUG_INFO = NO;
				SDKROOT = iphoneos;
				VALIDATE_PRODUCT = YES;
			};
			name = Release;
		};
		8FA821881DAB38640051D437 /* Debug */ = {
			isa = XCBuildConfiguration;
			buildSettings = {
				ASSETCATALOG_COMPILER_APPICON_NAME = AppIcon;
				INFOPLIST_FILE = UIPractice1010/Info.plist;
				LD_RUNPATH_SEARCH_PATHS = "$(inherited) @executable_path/Frameworks";
				PRODUCT_BUNDLE_IDENTIFIER = JWR.UIPractice1010;
				PRODUCT_NAME = "$(TARGET_NAME)";
			};
			name = Debug;
		};
		8FA821891DAB38640051D437 /* Release */ = {
			isa = XCBuildConfiguration;
			buildSettings = {
				ASSETCATALOG_COMPILER_APPICON_NAME = AppIcon;
				INFOPLIST_FILE = UIPractice1010/Info.plist;
				LD_RUNPATH_SEARCH_PATHS = "$(inherited) @executable_path/Frameworks";
				PRODUCT_BUNDLE_IDENTIFIER = JWR.UIPractice1010;
				PRODUCT_NAME = "$(TARGET_NAME)";
			};
			name = Release;
		};
/* End XCBuildConfiguration section */

/* Begin XCConfigurationList section */
		8FA8216B1DAB38640051D437 /* Build configuration list for PBXProject "UIPractice1010" */ = {
			isa = XCConfigurationList;
			buildConfigurations = (
				8FA821851DAB38640051D437 /* Debug */,
				8FA821861DAB38640051D437 /* Release */,
			);
			defaultConfigurationIsVisible = 0;
			defaultConfigurationName = Release;
		};
		8FA821871DAB38640051D437 /* Build configuration list for PBXNativeTarget "UIPractice1010" */ = {
			isa = XCConfigurationList;
			buildConfigurations = (
				8FA821881DAB38640051D437 /* Debug */,
				8FA821891DAB38640051D437 /* Release */,
			);
			defaultConfigurationIsVisible = 0;
		};
/* End XCConfigurationList section */
	};
	rootObject = 8FA821681DAB38640051D437 /* Project object */;
}
