// !$*UTF8*$!
{
	archiveVersion = 1;
	classes = {
	};
	objectVersion = 46;
	objects = {

/* Begin PBXBuildFile section */
		8FAEB7AE1D90C39000CA897A /* main.m in Sources */ = {isa = PBXBuildFile; fileRef = 8FAEB7AD1D90C39000CA897A /* main.m */; };
		8FAEB7B61D90C3A800CA897A /* Person.m in Sources */ = {isa = PBXBuildFile; fileRef = 8FAEB7B51D90C3A800CA897A /* Person.m */; };
		8FAEB7B91D90C3F800CA897A /* Warrior.m in Sources */ = {isa = PBXBuildFile; fileRef = 8FAEB7B81D90C3F800CA897A /* Warrior.m */; };
		8FAEB7BC1D90C40D00CA897A /* Wizard.m in Sources */ = {isa = PBXBuildFile; fileRef = 8FAEB7BB1D90C40D00CA897A /* Wizard.m */; };
/* End PBXBuildFile section */

/* Begin PBXCopyFilesBuildPhase section */
		8FAEB7A81D90C39000CA897A /* CopyFiles */ = {
			isa = PBXCopyFilesBuildPhase;
			buildActionMask = 2147483647;
			dstPath = /usr/share/man/man1/;
			dstSubfolderSpec = 0;
			files = (
			);
			runOnlyForDeploymentPostprocessing = 1;
		};
/* End PBXCopyFilesBuildPhase section */

/* Begin PBXFileReference section */
		8FAEB7AA1D90C39000CA897A /* Example0920 */ = {isa = PBXFileReference; explicitFileType = "compiled.mach-o.executable"; includeInIndex = 0; path = Example0920; sourceTree = BUILT_PRODUCTS_DIR; };
		8FAEB7AD1D90C39000CA897A /* main.m */ = {isa = PBXFileReference; lastKnownFileType = sourcecode.c.objc; path = main.m; sourceTree = "<group>"; };
		8FAEB7B41D90C3A800CA897A /* Person.h */ = {isa = PBXFileReference; fileEncoding = 4; lastKnownFileType = sourcecode.c.h; path = Person.h; sourceTree = "<group>"; };
		8FAEB7B51D90C3A800CA897A /* Person.m */ = {isa = PBXFileReference; fileEncoding = 4; lastKnownFileType = sourcecode.c.objc; path = Person.m; sourceTree = "<group>"; };
		8FAEB7B71D90C3F800CA897A /* Warrior.h */ = {isa = PBXFileReference; fileEncoding = 4; lastKnownFileType = sourcecode.c.h; path = Warrior.h; sourceTree = "<group>"; };
		8FAEB7B81D90C3F800CA897A /* Warrior.m */ = {isa = PBXFileReference; fileEncoding = 4; lastKnownFileType = sourcecode.c.objc; path = Warrior.m; sourceTree = "<group>"; };
		8FAEB7BA1D90C40D00CA897A /* Wizard.h */ = {isa = PBXFileReference; fileEncoding = 4; lastKnownFileType = sourcecode.c.h; path = Wizard.h; sourceTree = "<group>"; };
		8FAEB7BB1D90C40D00CA897A /* Wizard.m */ = {isa = PBXFileReference; fileEncoding = 4; lastKnownFileType = sourcecode.c.objc; path = Wizard.m; sourceTree = "<group>"; };
/* End PBXFileReference section */

/* Begin PBXFrameworksBuildPhase section */
		8FAEB7A71D90C39000CA897A /* Frameworks */ = {
			isa = PBXFrameworksBuildPhase;
			buildActionMask = 2147483647;
			files = (
			);
			runOnlyForDeploymentPostprocessing = 0;
		};
/* End PBXFrameworksBuildPhase section */

/* Begin PBXGroup section */
		8FAEB7A11D90C39000CA897A = {
			isa = PBXGroup;
			children = (
				8FAEB7AC1D90C39000CA897A /* Example0920 */,
				8FAEB7AB1D90C39000CA897A /* Products */,
			);
			sourceTree = "<group>";
		};
		8FAEB7AB1D90C39000CA897A /* Products */ = {
			isa = PBXGroup;
			children = (
				8FAEB7AA1D90C39000CA897A /* Example0920 */,
			);
			name = Products;
			sourceTree = "<group>";
		};
		8FAEB7AC1D90C39000CA897A /* Example0920 */ = {
			isa = PBXGroup;
			children = (
				8FAEB7AD1D90C39000CA897A /* main.m */,
				8FAEB7B41D90C3A800CA897A /* Person.h */,
				8FAEB7B51D90C3A800CA897A /* Person.m */,
				8FAEB7B71D90C3F800CA897A /* Warrior.h */,
				8FAEB7B81D90C3F800CA897A /* Warrior.m */,
				8FAEB7BA1D90C40D00CA897A /* Wizard.h */,
				8FAEB7BB1D90C40D00CA897A /* Wizard.m */,
			);
			path = Example0920;
			sourceTree = "<group>";
		};
/* End PBXGroup section */

/* Begin PBXNativeTarget section */
		8FAEB7A91D90C39000CA897A /* Example0920 */ = {
			isa = PBXNativeTarget;
			buildConfigurationList = 8FAEB7B11D90C39000CA897A /* Build configuration list for PBXNativeTarget "Example0920" */;
			buildPhases = (
				8FAEB7A61D90C39000CA897A /* Sources */,
				8FAEB7A71D90C39000CA897A /* Frameworks */,
				8FAEB7A81D90C39000CA897A /* CopyFiles */,
			);
			buildRules = (
			);
			dependencies = (
			);
			name = Example0920;
			productName = Example0920;
			productReference = 8FAEB7AA1D90C39000CA897A /* Example0920 */;
			productType = "com.apple.product-type.tool";
		};
/* End PBXNativeTarget section */

/* Begin PBXProject section */
		8FAEB7A21D90C39000CA897A /* Project object */ = {
			isa = PBXProject;
			attributes = {
				LastUpgradeCheck = 0800;
				ORGANIZATIONNAME = "노정우";
				TargetAttributes = {
					8FAEB7A91D90C39000CA897A = {
						CreatedOnToolsVersion = 8.0;
						ProvisioningStyle = Automatic;
					};
				};
			};
			buildConfigurationList = 8FAEB7A51D90C39000CA897A /* Build configuration list for PBXProject "Example0920" */;
			compatibilityVersion = "Xcode 3.2";
			developmentRegion = English;
			hasScannedForEncodings = 0;
			knownRegions = (
				en,
			);
			mainGroup = 8FAEB7A11D90C39000CA897A;
			productRefGroup = 8FAEB7AB1D90C39000CA897A /* Products */;
			projectDirPath = "";
			projectRoot = "";
			targets = (
				8FAEB7A91D90C39000CA897A /* Example0920 */,
			);
		};
/* End PBXProject section */

/* Begin PBXSourcesBuildPhase section */
		8FAEB7A61D90C39000CA897A /* Sources */ = {
			isa = PBXSourcesBuildPhase;
			buildActionMask = 2147483647;
			files = (
				8FAEB7BC1D90C40D00CA897A /* Wizard.m in Sources */,
				8FAEB7B91D90C3F800CA897A /* Warrior.m in Sources */,
				8FAEB7B61D90C3A800CA897A /* Person.m in Sources */,
				8FAEB7AE1D90C39000CA897A /* main.m in Sources */,
			);
			runOnlyForDeploymentPostprocessing = 0;
		};
/* End PBXSourcesBuildPhase section */

/* Begin XCBuildConfiguration section */
		8FAEB7AF1D90C39000CA897A /* Debug */ = {
			isa = XCBuildConfiguration;
			buildSettings = {
				ALWAYS_SEARCH_USER_PATHS = NO;
				CLANG_ANALYZER_NONNULL = YES;
				CLANG_CXX_LANGUAGE_STANDARD = "gnu++0x";
				CLANG_CXX_LIBRARY = "libc++";
				CLANG_ENABLE_MODULES = YES;
				CLANG_ENABLE_OBJC_ARC = YES;
				CLANG_WARN_BOOL_CONVERSION = YES;
				CLANG_WARN_CONSTANT_CONVERSION = YES;
				CLANG_WARN_DIRECT_OBJC_ISA_USAGE = YES_ERROR;
				CLANG_WARN_DOCUMENTATION_COMMENTS = YES;
				CLANG_WARN_EMPTY_BODY = YES;
				CLANG_WARN_ENUM_CONVERSION = YES;
				CLANG_WARN_INFINITE_RECURSION = YES;
				CLANG_WARN_INT_CONVERSION = YES;
				CLANG_WARN_OBJC_ROOT_CLASS = YES_ERROR;
				CLANG_WARN_SUSPICIOUS_MOVES = YES;
				CLANG_WARN_UNREACHABLE_CODE = YES;
				CLANG_WARN__DUPLICATE_METHOD_MATCH = YES;
				CODE_SIGN_IDENTITY = "-";
				COPY_PHASE_STRIP = NO;
				DEBUG_INFORMATION_FORMAT = dwarf;
				ENABLE_STRICT_OBJC_MSGSEND = YES;
				ENABLE_TESTABILITY = YES;
				GCC_C_LANGUAGE_STANDARD = gnu99;
				GCC_DYNAMIC_NO_PIC = NO;
				GCC_NO_COMMON_BLOCKS = YES;
				GCC_OPTIMIZATION_LEVEL = 0;
				GCC_PREPROCESSOR_DEFINITIONS = (
					"DEBUG=1",
					"$(inherited)",
				);
				GCC_WARN_64_TO_32_BIT_CONVERSION = YES;
				GCC_WARN_ABOUT_RETURN_TYPE = YES_ERROR;
				GCC_WARN_UNDECLARED_SELECTOR = YES;
				GCC_WARN_UNINITIALIZED_AUTOS = YES_AGGRESSIVE;
				GCC_WARN_UNUSED_FUNCTION = YES;
				GCC_WARN_UNUSED_VARIABLE = YES;
				MACOSX_DEPLOYMENT_TARGET = 10.11;
				MTL_ENABLE_DEBUG_INFO = YES;
				ONLY_ACTIVE_ARCH = YES;
				SDKROOT = macosx;
			};
			name = Debug;
		};
		8FAEB7B01D90C39000CA897A /* Release */ = {
			isa = XCBuildConfiguration;
			buildSettings = {
				ALWAYS_SEARCH_USER_PATHS = NO;
				CLANG_ANALYZER_NONNULL = YES;
				CLANG_CXX_LANGUAGE_STANDARD = "gnu++0x";
				CLANG_CXX_LIBRARY = "libc++";
				CLANG_ENABLE_MODULES = YES;
				CLANG_ENABLE_OBJC_ARC = YES;
				CLANG_WARN_BOOL_CONVERSION = YES;
				CLANG_WARN_CONSTANT_CONVERSION = YES;
				CLANG_WARN_DIRECT_OBJC_ISA_USAGE = YES_ERROR;
				CLANG_WARN_DOCUMENTATION_COMMENTS = YES;
				CLANG_WARN_EMPTY_BODY = YES;
				CLANG_WARN_ENUM_CONVERSION = YES;
				CLANG_WARN_INFINITE_RECURSION = YES;
				CLANG_WARN_INT_CONVERSION = YES;
				CLANG_WARN_OBJC_ROOT_CLASS = YES_ERROR;
				CLANG_WARN_SUSPICIOUS_MOVES = YES;
				CLANG_WARN_UNREACHABLE_CODE = YES;
				CLANG_WARN__DUPLICATE_METHOD_MATCH = YES;
				CODE_SIGN_IDENTITY = "-";
				COPY_PHASE_STRIP = NO;
				DEBUG_INFORMATION_FORMAT = "dwarf-with-dsym";
				ENABLE_NS_ASSERTIONS = NO;
				ENABLE_STRICT_OBJC_MSGSEND = YES;
				GCC_C_LANGUAGE_STANDARD = gnu99;
				GCC_NO_COMMON_BLOCKS = YES;
				GCC_WARN_64_TO_32_BIT_CONVERSION = YES;
				GCC_WARN_ABOUT_RETURN_TYPE = YES_ERROR;
				GCC_WARN_UNDECLARED_SELECTOR = YES;
				GCC_WARN_UNINITIALIZED_AUTOS = YES_AGGRESSIVE;
				GCC_WARN_UNUSED_FUNCTION = YES;
				GCC_WARN_UNUSED_VARIABLE = YES;
				MACOSX_DEPLOYMENT_TARGET = 10.11;
				MTL_ENABLE_DEBUG_INFO = NO;
				SDKROOT = macosx;
			};
			name = Release;
		};
		8FAEB7B21D90C39000CA897A /* Debug */ = {
			isa = XCBuildConfiguration;
			buildSettings = {
				PRODUCT_NAME = "$(TARGET_NAME)";
			};
			name = Debug;
		};
		8FAEB7B31D90C39000CA897A /* Release */ = {
			isa = XCBuildConfiguration;
			buildSettings = {
				PRODUCT_NAME = "$(TARGET_NAME)";
			};
			name = Release;
		};
/* End XCBuildConfiguration section */

/* Begin XCConfigurationList section */
		8FAEB7A51D90C39000CA897A /* Build configuration list for PBXProject "Example0920" */ = {
			isa = XCConfigurationList;
			buildConfigurations = (
				8FAEB7AF1D90C39000CA897A /* Debug */,
				8FAEB7B01D90C39000CA897A /* Release */,
			);
			defaultConfigurationIsVisible = 0;
			defaultConfigurationName = Release;
		};
		8FAEB7B11D90C39000CA897A /* Build configuration list for PBXNativeTarget "Example0920" */ = {
			isa = XCConfigurationList;
			buildConfigurations = (
				8FAEB7B21D90C39000CA897A /* Debug */,
				8FAEB7B31D90C39000CA897A /* Release */,
			);
			defaultConfigurationIsVisible = 0;
		};
/* End XCConfigurationList section */
	};
	rootObject = 8FAEB7A21D90C39000CA897A /* Project object */;
}
