// !$*UTF8*$!
{
	archiveVersion = 1;
	classes = {
	};
	objectVersion = 46;
	objects = {

/* Begin PBXBuildFile section */
		8F48FCB21D9B61B400517AB4 /* main.m in Sources */ = {isa = PBXBuildFile; fileRef = 8F48FCB11D9B61B400517AB4 /* main.m */; };
		8F48FCBA1D9B61E900517AB4 /* Node.m in Sources */ = {isa = PBXBuildFile; fileRef = 8F48FCB91D9B61E900517AB4 /* Node.m */; };
		8F48FCBD1D9B620100517AB4 /* DoubleLinkedList.m in Sources */ = {isa = PBXBuildFile; fileRef = 8F48FCBC1D9B620100517AB4 /* DoubleLinkedList.m */; };
/* End PBXBuildFile section */

/* Begin PBXCopyFilesBuildPhase section */
		8F48FCAC1D9B61B400517AB4 /* CopyFiles */ = {
			isa = PBXCopyFilesBuildPhase;
			buildActionMask = 2147483647;
			dstPath = /usr/share/man/man1/;
			dstSubfolderSpec = 0;
			files = (
			);
			runOnlyForDeploymentPostprocessing = 1;
		};
/* End PBXCopyFilesBuildPhase section */

/* Begin PBXFileReference section */
		8F48FCAE1D9B61B400517AB4 /* Example0928 */ = {isa = PBXFileReference; explicitFileType = "compiled.mach-o.executable"; includeInIndex = 0; path = Example0928; sourceTree = BUILT_PRODUCTS_DIR; };
		8F48FCB11D9B61B400517AB4 /* main.m */ = {isa = PBXFileReference; lastKnownFileType = sourcecode.c.objc; path = main.m; sourceTree = "<group>"; };
		8F48FCB81D9B61E900517AB4 /* Node.h */ = {isa = PBXFileReference; fileEncoding = 4; lastKnownFileType = sourcecode.c.h; path = Node.h; sourceTree = "<group>"; };
		8F48FCB91D9B61E900517AB4 /* Node.m */ = {isa = PBXFileReference; fileEncoding = 4; lastKnownFileType = sourcecode.c.objc; path = Node.m; sourceTree = "<group>"; };
		8F48FCBB1D9B620100517AB4 /* DoubleLinkedList.h */ = {isa = PBXFileReference; fileEncoding = 4; lastKnownFileType = sourcecode.c.h; path = DoubleLinkedList.h; sourceTree = "<group>"; };
		8F48FCBC1D9B620100517AB4 /* DoubleLinkedList.m */ = {isa = PBXFileReference; fileEncoding = 4; lastKnownFileType = sourcecode.c.objc; path = DoubleLinkedList.m; sourceTree = "<group>"; };
/* End PBXFileReference section */

/* Begin PBXFrameworksBuildPhase section */
		8F48FCAB1D9B61B400517AB4 /* Frameworks */ = {
			isa = PBXFrameworksBuildPhase;
			buildActionMask = 2147483647;
			files = (
			);
			runOnlyForDeploymentPostprocessing = 0;
		};
/* End PBXFrameworksBuildPhase section */

/* Begin PBXGroup section */
		8F48FCA51D9B61B400517AB4 = {
			isa = PBXGroup;
			children = (
				8F48FCB01D9B61B400517AB4 /* Example0928 */,
				8F48FCAF1D9B61B400517AB4 /* Products */,
			);
			sourceTree = "<group>";
		};
		8F48FCAF1D9B61B400517AB4 /* Products */ = {
			isa = PBXGroup;
			children = (
				8F48FCAE1D9B61B400517AB4 /* Example0928 */,
			);
			name = Products;
			sourceTree = "<group>";
		};
		8F48FCB01D9B61B400517AB4 /* Example0928 */ = {
			isa = PBXGroup;
			children = (
				8F48FCB11D9B61B400517AB4 /* main.m */,
				8F48FCBB1D9B620100517AB4 /* DoubleLinkedList.h */,
				8F48FCBC1D9B620100517AB4 /* DoubleLinkedList.m */,
				8F48FCB81D9B61E900517AB4 /* Node.h */,
				8F48FCB91D9B61E900517AB4 /* Node.m */,
			);
			path = Example0928;
			sourceTree = "<group>";
		};
/* End PBXGroup section */

/* Begin PBXNativeTarget section */
		8F48FCAD1D9B61B400517AB4 /* Example0928 */ = {
			isa = PBXNativeTarget;
			buildConfigurationList = 8F48FCB51D9B61B400517AB4 /* Build configuration list for PBXNativeTarget "Example0928" */;
			buildPhases = (
				8F48FCAA1D9B61B400517AB4 /* Sources */,
				8F48FCAB1D9B61B400517AB4 /* Frameworks */,
				8F48FCAC1D9B61B400517AB4 /* CopyFiles */,
			);
			buildRules = (
			);
			dependencies = (
			);
			name = Example0928;
			productName = Example0928;
			productReference = 8F48FCAE1D9B61B400517AB4 /* Example0928 */;
			productType = "com.apple.product-type.tool";
		};
/* End PBXNativeTarget section */

/* Begin PBXProject section */
		8F48FCA61D9B61B400517AB4 /* Project object */ = {
			isa = PBXProject;
			attributes = {
				LastUpgradeCheck = 0800;
				ORGANIZATIONNAME = "노정우";
				TargetAttributes = {
					8F48FCAD1D9B61B400517AB4 = {
						CreatedOnToolsVersion = 8.0;
						ProvisioningStyle = Automatic;
					};
				};
			};
			buildConfigurationList = 8F48FCA91D9B61B400517AB4 /* Build configuration list for PBXProject "Example0928" */;
			compatibilityVersion = "Xcode 3.2";
			developmentRegion = English;
			hasScannedForEncodings = 0;
			knownRegions = (
				en,
			);
			mainGroup = 8F48FCA51D9B61B400517AB4;
			productRefGroup = 8F48FCAF1D9B61B400517AB4 /* Products */;
			projectDirPath = "";
			projectRoot = "";
			targets = (
				8F48FCAD1D9B61B400517AB4 /* Example0928 */,
			);
		};
/* End PBXProject section */

/* Begin PBXSourcesBuildPhase section */
		8F48FCAA1D9B61B400517AB4 /* Sources */ = {
			isa = PBXSourcesBuildPhase;
			buildActionMask = 2147483647;
			files = (
				8F48FCB21D9B61B400517AB4 /* main.m in Sources */,
				8F48FCBA1D9B61E900517AB4 /* Node.m in Sources */,
				8F48FCBD1D9B620100517AB4 /* DoubleLinkedList.m in Sources */,
			);
			runOnlyForDeploymentPostprocessing = 0;
		};
/* End PBXSourcesBuildPhase section */

/* Begin XCBuildConfiguration section */
		8F48FCB31D9B61B400517AB4 /* Debug */ = {
			isa = XCBuildConfiguration;
			buildSettings = {
				ALWAYS_SEARCH_USER_PATHS = NO;
				CLANG_ANALYZER_NONNULL = YES;
				CLANG_CXX_LANGUAGE_STANDARD = "gnu++0x";
				CLANG_CXX_LIBRARY = "libc++";
				CLANG_ENABLE_MODULES = YES;
				CLANG_ENABLE_OBJC_ARC = YES;
				CLANG_WARN_BOOL_CONVERSION = YES;
				CLANG_WARN_CONSTANT_CONVERSION = YES;
				CLANG_WARN_DIRECT_OBJC_ISA_USAGE = YES_ERROR;
				CLANG_WARN_DOCUMENTATION_COMMENTS = YES;
				CLANG_WARN_EMPTY_BODY = YES;
				CLANG_WARN_ENUM_CONVERSION = YES;
				CLANG_WARN_INFINITE_RECURSION = YES;
				CLANG_WARN_INT_CONVERSION = YES;
				CLANG_WARN_OBJC_ROOT_CLASS = YES_ERROR;
				CLANG_WARN_SUSPICIOUS_MOVES = YES;
				CLANG_WARN_UNREACHABLE_CODE = YES;
				CLANG_WARN__DUPLICATE_METHOD_MATCH = YES;
				CODE_SIGN_IDENTITY = "-";
				COPY_PHASE_STRIP = NO;
				DEBUG_INFORMATION_FORMAT = dwarf;
				ENABLE_STRICT_OBJC_MSGSEND = YES;
				ENABLE_TESTABILITY = YES;
				GCC_C_LANGUAGE_STANDARD = gnu99;
				GCC_DYNAMIC_NO_PIC = NO;
				GCC_NO_COMMON_BLOCKS = YES;
				GCC_OPTIMIZATION_LEVEL = 0;
				GCC_PREPROCESSOR_DEFINITIONS = (
					"DEBUG=1",
					"$(inherited)",
				);
				GCC_WARN_64_TO_32_BIT_CONVERSION = YES;
				GCC_WARN_ABOUT_RETURN_TYPE = YES_ERROR;
				GCC_WARN_UNDECLARED_SELECTOR = YES;
				GCC_WARN_UNINITIALIZED_AUTOS = YES_AGGRESSIVE;
				GCC_WARN_UNUSED_FUNCTION = YES;
				GCC_WARN_UNUSED_VARIABLE = YES;
				MACOSX_DEPLOYMENT_TARGET = 10.12;
				MTL_ENABLE_DEBUG_INFO = YES;
				ONLY_ACTIVE_ARCH = YES;
				SDKROOT = macosx;
			};
			name = Debug;
		};
		8F48FCB41D9B61B400517AB4 /* Release */ = {
			isa = XCBuildConfiguration;
			buildSettings = {
				ALWAYS_SEARCH_USER_PATHS = NO;
				CLANG_ANALYZER_NONNULL = YES;
				CLANG_CXX_LANGUAGE_STANDARD = "gnu++0x";
				CLANG_CXX_LIBRARY = "libc++";
				CLANG_ENABLE_MODULES = YES;
				CLANG_ENABLE_OBJC_ARC = YES;
				CLANG_WARN_BOOL_CONVERSION = YES;
				CLANG_WARN_CONSTANT_CONVERSION = YES;
				CLANG_WARN_DIRECT_OBJC_ISA_USAGE = YES_ERROR;
				CLANG_WARN_DOCUMENTATION_COMMENTS = YES;
				CLANG_WARN_EMPTY_BODY = YES;
				CLANG_WARN_ENUM_CONVERSION = YES;
				CLANG_WARN_INFINITE_RECURSION = YES;
				CLANG_WARN_INT_CONVERSION = YES;
				CLANG_WARN_OBJC_ROOT_CLASS = YES_ERROR;
				CLANG_WARN_SUSPICIOUS_MOVES = YES;
				CLANG_WARN_UNREACHABLE_CODE = YES;
				CLANG_WARN__DUPLICATE_METHOD_MATCH = YES;
				CODE_SIGN_IDENTITY = "-";
				COPY_PHASE_STRIP = NO;
				DEBUG_INFORMATION_FORMAT = "dwarf-with-dsym";
				ENABLE_NS_ASSERTIONS = NO;
				ENABLE_STRICT_OBJC_MSGSEND = YES;
				GCC_C_LANGUAGE_STANDARD = gnu99;
				GCC_NO_COMMON_BLOCKS = YES;
				GCC_WARN_64_TO_32_BIT_CONVERSION = YES;
				GCC_WARN_ABOUT_RETURN_TYPE = YES_ERROR;
				GCC_WARN_UNDECLARED_SELECTOR = YES;
				GCC_WARN_UNINITIALIZED_AUTOS = YES_AGGRESSIVE;
				GCC_WARN_UNUSED_FUNCTION = YES;
				GCC_WARN_UNUSED_VARIABLE = YES;
				MACOSX_DEPLOYMENT_TARGET = 10.12;
				MTL_ENABLE_DEBUG_INFO = NO;
				SDKROOT = macosx;
			};
			name = Release;
		};
		8F48FCB61D9B61B400517AB4 /* Debug */ = {
			isa = XCBuildConfiguration;
			buildSettings = {
				PRODUCT_NAME = "$(TARGET_NAME)";
			};
			name = Debug;
		};
		8F48FCB71D9B61B400517AB4 /* Release */ = {
			isa = XCBuildConfiguration;
			buildSettings = {
				PRODUCT_NAME = "$(TARGET_NAME)";
			};
			name = Release;
		};
/* End XCBuildConfiguration section */

/* Begin XCConfigurationList section */
		8F48FCA91D9B61B400517AB4 /* Build configuration list for PBXProject "Example0928" */ = {
			isa = XCConfigurationList;
			buildConfigurations = (
				8F48FCB31D9B61B400517AB4 /* Debug */,
				8F48FCB41D9B61B400517AB4 /* Release */,
			);
			defaultConfigurationIsVisible = 0;
			defaultConfigurationName = Release;
		};
		8F48FCB51D9B61B400517AB4 /* Build configuration list for PBXNativeTarget "Example0928" */ = {
			isa = XCConfigurationList;
			buildConfigurations = (
				8F48FCB61D9B61B400517AB4 /* Debug */,
				8F48FCB71D9B61B400517AB4 /* Release */,
			);
			defaultConfigurationIsVisible = 0;
		};
/* End XCConfigurationList section */
	};
	rootObject = 8F48FCA61D9B61B400517AB4 /* Project object */;
}
